
Microsoft Visual Studio Solution File, Format Version 12.00
# Visual Studio Version 17
VisualStudioVersion = 17.9.34902.65
MinimumVisualStudioVersion = 10.0.40219.1
Project("{2150E333-8FDC-42A3-9474-1A3956D46DE8}") = "Homework1", "Homework1", "{5CFF5269-3831-4ACD-AA6E-3B2C759399C0}"
EndProject
Project("{2150E333-8FDC-42A3-9474-1A3956D46DE8}") = "Homework2", "Homework2", "{9F9F09B5-8A71-4893-B1AF-820A1F428559}"
EndProject
Project("{2150E333-8FDC-42A3-9474-1A3956D46DE8}") = "Homework3", "Homework3", "{4C937E3C-6D08-453B-A2EF-5A9D53FE319C}"
EndProject
Project("{2150E333-8FDC-42A3-9474-1A3956D46DE8}") = "Homework4", "Homework4", "{324AAFA4-E29E-40A5-A563-21EDDF6A0D5B}"
EndProject
Project("{2150E333-8FDC-42A3-9474-1A3956D46DE8}") = "Homework5", "Homework5", "{F4D92EFF-46E2-4590-8A7A-B0EF5B9B305B}"
EndProject
Project("{2150E333-8FDC-42A3-9474-1A3956D46DE8}") = "Homework6", "Homework6", "{AC5252B0-7EF4-4B4E-BC25-6437E21AF316}"
EndProject
Project("{2150E333-8FDC-42A3-9474-1A3956D46DE8}") = "Homework7", "Homework7", "{7B0543ED-4B0A-4808-96A6-9133FD810A9A}"
EndProject
Project("{2150E333-8FDC-42A3-9474-1A3956D46DE8}") = "Homework8", "Homework8", "{76835468-F61A-4A3F-81B6-B4913AE49934}"
EndProject
Project("{9A19103F-16F7-4668-BE54-9A1E7A4F7556}") = "Task2", "Homework2\Task2\Task2.csproj", "{1F946CB8-A6E1-4079-81D0-557FD4D762C4}"
EndProject
Project("{9A19103F-16F7-4668-BE54-9A1E7A4F7556}") = "Task3", "Homework2\Task3\Task3.csproj", "{FFDE22D5-286A-41DF-9EAB-48A54FF98B6A}"
EndProject
Project("{9A19103F-16F7-4668-BE54-9A1E7A4F7556}") = "Task4", "Homework2\Task4\Task4.csproj", "{00D2798F-EE1A-42E8-84A1-6FCF90B9680B}"
EndProject
Project("{9A19103F-16F7-4668-BE54-9A1E7A4F7556}") = "Task5", "Homework2\Task5\Task5.csproj", "{86A3F220-210F-47BB-9D05-05FA03A019B1}"
EndProject
Project("{9A19103F-16F7-4668-BE54-9A1E7A4F7556}") = "Task6", "Homework2\Task6\Task6.csproj", "{FC93C021-90F2-47A4-849C-575C0BCF04BB}"
EndProject
Project("{9A19103F-16F7-4668-BE54-9A1E7A4F7556}") = "Task8", "Homework2\Task8\Task8.csproj", "{91F5DF04-4CA6-4465-8E23-B26E89BECAC3}"
EndProject
Project("{9A19103F-16F7-4668-BE54-9A1E7A4F7556}") = "Task9", "Homework2\Task9\Task9.csproj", "{AF4D6B22-C31F-4145-9BC2-5F5CAF6927DB}"
EndProject
Project("{9A19103F-16F7-4668-BE54-9A1E7A4F7556}") = "Task1", "Homework2\Task1\Task1.csproj", "{06EAF5D0-9C5E-4368-9DC7-48F4C96774B6}"
EndProject
Project("{9A19103F-16F7-4668-BE54-9A1E7A4F7556}") = "Task7", "Homework2\Task7\Task7.csproj", "{BA92657A-6304-431A-B9CE-3E330519BF44}"
EndProject
Project("{9A19103F-16F7-4668-BE54-9A1E7A4F7556}") = "Task1.1", "Homework3\Task1.1\Task1.1.csproj", "{F7B13D44-20EC-41CF-9478-E0C4CF86BCD5}"
EndProject
Project("{9A19103F-16F7-4668-BE54-9A1E7A4F7556}") = "Task1.2", "Homework3\Task1.2\Task1.2.csproj", "{F08D1C7E-5595-4854-B81D-FB16BD640B6D}"
EndProject
Project("{9A19103F-16F7-4668-BE54-9A1E7A4F7556}") = "Task1.4", "Homework3\Task1.4\Task1.4.csproj", "{72567135-6751-4CCD-9458-13900C79A2E1}"
EndProject
Project("{9A19103F-16F7-4668-BE54-9A1E7A4F7556}") = "Task1.5", "Homework3\Task1.5\Task1.5.csproj", "{5C9A71F9-3B53-4B1C-ACE8-C01A8B3FF61C}"
EndProject
Project("{9A19103F-16F7-4668-BE54-9A1E7A4F7556}") = "Task1.3", "Homework3\Task1.3\Task1.3.csproj", "{3CBA9D07-2B93-4839-8CAE-67B31DDDAD7D}"
EndProject
Project("{9A19103F-16F7-4668-BE54-9A1E7A4F7556}") = "Task4.1", "Homework4\Task4.1\Task4.1.csproj", "{54A29D72-94C4-48D3-A5B1-7592FC1BE168}"
EndProject
Project("{9A19103F-16F7-4668-BE54-9A1E7A4F7556}") = "Task4.2", "Homework4\Task4.2\Task4.2.csproj", "{D3B0A3C8-0A10-4B80-AF8D-ECC8E30F365E}"
EndProject
Project("{9A19103F-16F7-4668-BE54-9A1E7A4F7556}") = "Task4.3", "Homework4\Task4.3\Task4.3.csproj", "{30CBD9D3-BAD0-4538-8EA6-8A5E90F2FE5A}"
EndProject
Project("{9A19103F-16F7-4668-BE54-9A1E7A4F7556}") = "Task4.4", "Homework4\Task4.4\Task4.4.csproj", "{2CAC7F62-1DD5-4F3D-A7ED-4F0D3DEF3179}"
EndProject
Project("{9A19103F-16F7-4668-BE54-9A1E7A4F7556}") = "Task4.5", "Homework4\Task4.5\Task4.5.csproj", "{CB444D50-46A2-481A-9A51-AFE19D4FFCBA}"
EndProject
Project("{9A19103F-16F7-4668-BE54-9A1E7A4F7556}") = "Task4.6", "Homework4\Task4.6\Task4.6.csproj", "{79DB17AF-1DA5-4853-97C0-4722201BC152}"
EndProject
Project("{9A19103F-16F7-4668-BE54-9A1E7A4F7556}") = "Task4.7", "Homework4\Task4.7\Task4.7.csproj", "{533FB2BA-9A9E-4CA6-B1E8-9F03F721341C}"
EndProject
Project("{9A19103F-16F7-4668-BE54-9A1E7A4F7556}") = "Task4.8", "Homework4\Task4.8\Task4.8.csproj", "{0923F63E-7BA1-4A05-9D29-E230DB862492}"
EndProject
Project("{9A19103F-16F7-4668-BE54-9A1E7A4F7556}") = "Task4.9", "Homework4\Task4.9\Task4.9.csproj", "{71246972-D75A-4460-9E25-70230315254F}"
EndProject
Project("{9A19103F-16F7-4668-BE54-9A1E7A4F7556}") = "Task4.11", "Homework4\Task4.11\Task4.11.csproj", "{42C38E49-40F1-4E9E-A6EC-2E5022E76EFF}"
EndProject
Project("{9A19103F-16F7-4668-BE54-9A1E7A4F7556}") = "Task4.12", "Homework4\Task4.12\Task4.12.csproj", "{C29E38EF-8915-4701-A455-FA08D7D7DAD1}"
EndProject
Project("{9A19103F-16F7-4668-BE54-9A1E7A4F7556}") = "Task4.13", "Homework4\Task4.13\Task4.13.csproj", "{E4695666-F977-4415-9127-D37C10F09359}"
EndProject
Project("{9A19103F-16F7-4668-BE54-9A1E7A4F7556}") = "Task4.10", "Homework4\Task4.10\Task4.10.csproj", "{35CAC85B-12FD-4D73-864A-EC49CB987176}"
EndProject
Project("{9A19103F-16F7-4668-BE54-9A1E7A4F7556}") = "Calculator", "Homework5\Calculator\Calculator.csproj", "{85BBB36A-6754-4AF0-941C-84F8173EE5D1}"
EndProject
Project("{9A19103F-16F7-4668-BE54-9A1E7A4F7556}") = "Task6.1", "Homework6\Task6.1\Task6.1.csproj", "{DA4B7BE1-64BB-41BE-BF8D-44E54386CD64}"
EndProject
Project("{9A19103F-16F7-4668-BE54-9A1E7A4F7556}") = "Task6.2", "Homework6\Task6.2\Task6.2.csproj", "{8FBA1A96-DA19-485B-820A-17FE1D79CAA1}"
EndProject
Project("{9A19103F-16F7-4668-BE54-9A1E7A4F7556}") = "Task6.3", "Homework6\Task6.3\Task6.3.csproj", "{D518A987-264A-4B20-95D1-0089BADF8D1B}"
EndProject
Project("{9A19103F-16F7-4668-BE54-9A1E7A4F7556}") = "Task6.4", "Homework6\Task6.4\Task6.4.csproj", "{C65D039B-63E5-4D6F-94E9-217055D306EA}"
EndProject
Project("{9A19103F-16F7-4668-BE54-9A1E7A4F7556}") = "Task6.5", "Homework6\Task6.5\Task6.5.csproj", "{7BCD5382-57BB-4693-A4A7-9C6309F70C95}"
EndProject
Project("{9A19103F-16F7-4668-BE54-9A1E7A4F7556}") = "Task6.6", "Homework6\Task6.6\Task6.6.csproj", "{DE94AE04-7202-4EC8-9CE7-5A8ACA96586B}"
EndProject
Project("{9A19103F-16F7-4668-BE54-9A1E7A4F7556}") = "Task6.7", "Homework6\Task6.7\Task6.7.csproj", "{B3E88F0B-EE30-4A71-8565-A20A5D01818C}"
EndProject
Project("{9A19103F-16F7-4668-BE54-9A1E7A4F7556}") = "Task6.8", "Homework6\Task6.8\Task6.8.csproj", "{410D1835-A723-42D2-AD63-01C0F7702972}"
EndProject
Project("{9A19103F-16F7-4668-BE54-9A1E7A4F7556}") = "Task6.9", "Homework6\Task6.9\Task6.9.csproj", "{B111CB10-49AC-42BC-840C-2EE2F176AFC2}"
EndProject
Project("{9A19103F-16F7-4668-BE54-9A1E7A4F7556}") = "Task6.10", "Homework6\Task6.10\Task6.10.csproj", "{F34E90C9-0873-4F15-B439-BE50ED6AD0D5}"
EndProject
Project("{9A19103F-16F7-4668-BE54-9A1E7A4F7556}") = "Task6.11", "Homework6\Task6.11\Task6.11.csproj", "{58DC6CB6-0328-4361-863D-C75DBDCCF3A3}"
EndProject
Project("{9A19103F-16F7-4668-BE54-9A1E7A4F7556}") = "Task6.12", "Homework6\Task6.12\Task6.12.csproj", "{3F6325F8-239F-4388-99A6-FE0D856094F8}"
EndProject
Project("{9A19103F-16F7-4668-BE54-9A1E7A4F7556}") = "Task6.13", "Homework6\Task6.13\Task6.13.csproj", "{F9E2A935-C618-4C4C-BFB7-8C2DB1122589}"
EndProject
Project("{9A19103F-16F7-4668-BE54-9A1E7A4F7556}") = "Task6.14", "Homework6\Task6.14\Task6.14.csproj", "{B9D89907-419B-4816-8F87-6FAC3BC97CC5}"
EndProject
Project("{9A19103F-16F7-4668-BE54-9A1E7A4F7556}") = "Task6.15", "Homework6\Task6.15\Task6.15.csproj", "{4EE01E2D-0DCC-4825-81C1-7077D358ED0D}"
EndProject
Project("{9A19103F-16F7-4668-BE54-9A1E7A4F7556}") = "Task6.16", "Homework6\Task6.16\Task6.16.csproj", "{80FDA2A0-C0BF-4582-BBAA-7B262520522E}"
EndProject
Project("{9A19103F-16F7-4668-BE54-9A1E7A4F7556}") = "Task6.17", "Homework6\Task6.17\Task6.17.csproj", "{BCADAE0E-A05F-4E59-B84F-8C2DCA120027}"
EndProject
Project("{9A19103F-16F7-4668-BE54-9A1E7A4F7556}") = "Task6.18", "Homework6\Task6.18\Task6.18.csproj", "{464E2745-B9D5-40B3-8FAC-D6D28F93453E}"
EndProject
Project("{9A19103F-16F7-4668-BE54-9A1E7A4F7556}") = "Task6.19", "Homework6\Task6.19\Task6.19.csproj", "{FF5ABACF-1D6A-4B85-8A89-2051DE6F23BA}"
EndProject
Project("{9A19103F-16F7-4668-BE54-9A1E7A4F7556}") = "Task6.20", "Homework6\Task6.20\Task6.20.csproj", "{5B612F52-9049-4955-8923-4FBABA67A996}"
EndProject
Project("{9A19103F-16F7-4668-BE54-9A1E7A4F7556}") = "Task7.1", "Homework7\Task7.1\Task7.1.csproj", "{2498050C-B9DB-4968-AB20-E4D1B4D0F83B}"
EndProject
Project("{9A19103F-16F7-4668-BE54-9A1E7A4F7556}") = "Task7.2", "Homework7\Task7.2\Task7.2.csproj", "{50DA64A6-1460-4B16-9B00-485C626946DD}"
EndProject
Project("{9A19103F-16F7-4668-BE54-9A1E7A4F7556}") = "Task7.3", "Homework7\Task7.3\Task7.3.csproj", "{391EED47-1A27-47B3-AE9E-86BE1C19344B}"
EndProject
Project("{9A19103F-16F7-4668-BE54-9A1E7A4F7556}") = "Task7.4", "Homework7\Task7.4\Task7.4.csproj", "{ABB17A43-A92D-4C91-9E35-C49F3461C0D8}"
EndProject
Project("{9A19103F-16F7-4668-BE54-9A1E7A4F7556}") = "Task7.5", "Homework7\Task7.5\Task7.5.csproj", "{959F8090-A57D-41FA-9E43-31DD5C7C3A59}"
EndProject
Project("{9A19103F-16F7-4668-BE54-9A1E7A4F7556}") = "Task7.6", "Homework7\Task7.6\Task7.6.csproj", "{2AD0691E-77FB-462E-8D81-B075EE14167A}"
EndProject
Project("{9A19103F-16F7-4668-BE54-9A1E7A4F7556}") = "Task7.7", "Homework7\Task7.7\Task7.7.csproj", "{6BCD775F-0391-4B33-AB3B-8D29568E93A0}"
EndProject
Project("{9A19103F-16F7-4668-BE54-9A1E7A4F7556}") = "Task7.8", "Homework7\Task7.8\Task7.8.csproj", "{D3A3665F-720A-4D6D-B3C4-B7FD6786E905}"
EndProject
Project("{9A19103F-16F7-4668-BE54-9A1E7A4F7556}") = "Task7.10", "Homework7\Task7.10\Task7.10.csproj", "{F21113D4-C437-4AB0-A37F-B4F3D7DFEA28}"
EndProject
Project("{9A19103F-16F7-4668-BE54-9A1E7A4F7556}") = "Task7.9", "Homework7\Task7.9\Task7.9.csproj", "{40D2BE6B-8D0F-4E67-81B2-7B360DECCBD1}"
EndProject
Project("{9A19103F-16F7-4668-BE54-9A1E7A4F7556}") = "Task8.1", "Homework8\Task8.1\Task8.1.csproj", "{09A4E619-56E9-495A-8601-A812885452AC}"
EndProject
Project("{9A19103F-16F7-4668-BE54-9A1E7A4F7556}") = "Task1", "Homework1\Task1\Task1.csproj", "{56EE2332-9A71-4DA6-B25B-DA8B98F2BE02}"
EndProject
Project("{9A19103F-16F7-4668-BE54-9A1E7A4F7556}") = "Task8.2", "Homework8\Task8.2\Task8.2.csproj", "{7CD0D164-DDF2-41E4-907E-333F1FDD5CB1}"
EndProject
Project("{9A19103F-16F7-4668-BE54-9A1E7A4F7556}") = "Task8.3", "Homework8\Task8.3\Task8.3.csproj", "{75BE0E01-01C2-4817-ABB9-DF538E89CEFD}"
EndProject
Project("{9A19103F-16F7-4668-BE54-9A1E7A4F7556}") = "Task8.4", "Homework8\Task8.4\Task8.4.csproj", "{C7417C95-4DFF-4C82-BC17-450F309E1E8B}"
EndProject
Project("{9A19103F-16F7-4668-BE54-9A1E7A4F7556}") = "Task8.5", "Homework8\Task8.5\Task8.5.csproj", "{93FC003F-97FD-400B-8E69-C9C9FBB05532}"
EndProject
Project("{9A19103F-16F7-4668-BE54-9A1E7A4F7556}") = "Task8.6", "Homework8\Task8.6\Task8.6.csproj", "{DE28EEED-257B-4382-AE5D-AA9FEC00B1F3}"
EndProject
Project("{9A19103F-16F7-4668-BE54-9A1E7A4F7556}") = "Task8.7", "Homework8\Task8.7\Task8.7.csproj", "{35FD6E81-5334-4400-9FCB-5C99DAD99AAD}"
EndProject
Project("{9A19103F-16F7-4668-BE54-9A1E7A4F7556}") = "Task8.8", "Homework8\Task8.8\Task8.8.csproj", "{917079F0-C908-4275-ADA8-7E3F15EF710B}"
EndProject
Project("{9A19103F-16F7-4668-BE54-9A1E7A4F7556}") = "Task8.9", "Homework8\Task8.9\Task8.9.csproj", "{CCD50D1D-2503-4095-8EB8-87872EBD8CE5}"
EndProject
Project("{9A19103F-16F7-4668-BE54-9A1E7A4F7556}") = "Task8.10", "Homework8\Task8.10\Task8.10.csproj", "{BB51F044-FA1C-429B-8834-6DFCB6036703}"
EndProject
Project("{9A19103F-16F7-4668-BE54-9A1E7A4F7556}") = "Task8.11", "Homework8\Task8.11\Task8.11.csproj", "{3A50554F-7AD0-4E81-B5B7-CB3D22D1548D}"
EndProject
Project("{2150E333-8FDC-42A3-9474-1A3956D46DE8}") = "Homework9", "Homework9", "{818B2547-D6B6-42F3-A22D-210B77395D9F}"
EndProject
Project("{9A19103F-16F7-4668-BE54-9A1E7A4F7556}") = "Task9.1", "Homework9\Task9.1\Task9.1.csproj", "{706CD44A-0E52-4F0B-8535-6E8F52DADC14}"
EndProject
Project("{9A19103F-16F7-4668-BE54-9A1E7A4F7556}") = "Task9.2", "Homework9\Task9.2\Task9.2.csproj", "{693A1207-8B69-4AF8-A556-5EF6A775E3E2}"
EndProject
Project("{9A19103F-16F7-4668-BE54-9A1E7A4F7556}") = "Task9.3", "Homework9\Task9.3\Task9.3.csproj", "{24E228CC-A091-4440-AC3A-FEFAEA997768}"
EndProject
Project("{9A19103F-16F7-4668-BE54-9A1E7A4F7556}") = "Task9.4", "Homework9\Task9.4\Task9.4.csproj", "{C96BEEB8-90BA-400F-8087-A8575D331D6C}"
EndProject
Project("{FAE04EC0-301F-11D3-BF4B-00C04F79EFBC}") = "Task9.5", "Homework9\Task9.5\Task9.5.csproj", "{33D21BD7-46E1-4435-997D-A578AFC84E46}"
EndProject
Project("{FAE04EC0-301F-11D3-BF4B-00C04F79EFBC}") = "Task9.6", "Homework9\Task9.6\Task9.6.csproj", "{9325B793-1788-4C31-938A-09EBD9AEAC66}"
EndProject
Project("{FAE04EC0-301F-11D3-BF4B-00C04F79EFBC}") = "Task9.7", "Homework9\Task9.7\Task9.7.csproj", "{4AAE0EDA-49FE-4BD9-8D09-3240DB76B088}"
EndProject
Project("{FAE04EC0-301F-11D3-BF4B-00C04F79EFBC}") = "Task9.8", "Homework9\Task9.8\Task9.8.csproj", "{7F921AAB-1939-4C23-A0D7-04C904F678D6}"
EndProject
Project("{FAE04EC0-301F-11D3-BF4B-00C04F79EFBC}") = "Task8.9", "Homework9\Task8.9\Task8.9.csproj", "{002E43FA-12D0-4141-AD8D-C7138FB46521}"
EndProject
Project("{FAE04EC0-301F-11D3-BF4B-00C04F79EFBC}") = "Task9.9", "Homework9\Task9.9\Task9.9.csproj", "{C09D23E7-2A12-4343-8C20-7BFB1E2820EA}"
EndProject
Project("{2150E333-8FDC-42A3-9474-1A3956D46DE8}") = "Homework10", "Homework10", "{0302A809-3EFA-4806-975A-C6AE20E422C8}"
EndProject
Project("{FAE04EC0-301F-11D3-BF4B-00C04F79EFBC}") = "Task10.1", "Homework10\Task10.1\Task10.1.csproj", "{A5D469DE-1AC0-4796-BD45-6E2F59099090}"
EndProject
Project("{FAE04EC0-301F-11D3-BF4B-00C04F79EFBC}") = "Task10.2", "Homework10\Task10.2\Task10.2.csproj", "{F796A8EE-DFBC-40F3-A62E-2B1929FD11A6}"
EndProject
Project("{FAE04EC0-301F-11D3-BF4B-00C04F79EFBC}") = "Tak10.3", "Homework10\Tak10.3\Tak10.3.csproj", "{A461565A-22E6-4C66-87A6-5113EF4D7F73}"
EndProject
Project("{FAE04EC0-301F-11D3-BF4B-00C04F79EFBC}") = "Task10.4", "Homework10\Task10.4\Task10.4.csproj", "{896D911B-D040-436A-B606-C342654F38D8}"
EndProject
Project("{FAE04EC0-301F-11D3-BF4B-00C04F79EFBC}") = "Task10.5", "Homework10\Task10.5\Task10.5.csproj", "{9B1DCA6E-4410-4066-9398-145C40FD9779}"
EndProject
Project("{FAE04EC0-301F-11D3-BF4B-00C04F79EFBC}") = "Task10.6", "Homework10\Task10.6\Task10.6.csproj", "{7C87FB80-A79F-4B2F-B6A5-7E891B8DE76E}"
EndProject
Project("{FAE04EC0-301F-11D3-BF4B-00C04F79EFBC}") = "Task10.7", "Homework10\Task10.7\Task10.7.csproj", "{BF383564-BA31-4988-9436-E49BF8C80E10}"
EndProject
Project("{FAE04EC0-301F-11D3-BF4B-00C04F79EFBC}") = "Task10.8", "Homework10\Task10.8\Task10.8.csproj", "{EDC23772-3F19-4013-83FA-C8196A277EDC}"
EndProject
Project("{2150E333-8FDC-42A3-9474-1A3956D46DE8}") = "Homework11", "Homework11", "{063F6BA3-A41A-471E-B4DC-3A1D8F1AF7EA}"
EndProject
Project("{FAE04EC0-301F-11D3-BF4B-00C04F79EFBC}") = "Task11.1", "Homework11\Task11.1\Task11.1.csproj", "{714D8306-F58A-40BA-ABD1-6ED37B1D063D}"
EndProject
Project("{FAE04EC0-301F-11D3-BF4B-00C04F79EFBC}") = "Task11.2", "Homework11\Task11.2\Task11.2.csproj", "{B19D4307-616E-4BEC-8FF4-9CFFFDFD5154}"
EndProject
Project("{FAE04EC0-301F-11D3-BF4B-00C04F79EFBC}") = "Task11.3", "Homework11\Task11.3\Task11.3.csproj", "{D134F888-0C2E-4598-8134-6FB6F2BCF8E2}"
EndProject
Project("{FAE04EC0-301F-11D3-BF4B-00C04F79EFBC}") = "Task11.4", "Homework11\Task11.4\Task11.4.csproj", "{C802CBC1-8ABE-4CE3-BEA7-884922E4D53F}"
EndProject
Project("{FAE04EC0-301F-11D3-BF4B-00C04F79EFBC}") = "Task11.5", "Homework11\Task11.5\Task11.5.csproj", "{79126810-3B9B-44E2-A900-CF2C97FF64E9}"
EndProject
Project("{FAE04EC0-301F-11D3-BF4B-00C04F79EFBC}") = "Task11.6", "Homework11\Task11.6\Task11.6.csproj", "{22CCFED1-1B2B-4BE2-BACF-C3304E7BEE5D}"
EndProject
Project("{FAE04EC0-301F-11D3-BF4B-00C04F79EFBC}") = "Task11.7", "Homework11\Task11.7\Task11.7.csproj", "{43F7B36B-644F-459C-B337-F08D69A88E26}"
EndProject
Project("{FAE04EC0-301F-11D3-BF4B-00C04F79EFBC}") = "Task11.8", "Homework11\Task11.8\Task11.8.csproj", "{C8029738-FE63-428E-A7EF-EC7F9C7AA503}"
EndProject
Project("{FAE04EC0-301F-11D3-BF4B-00C04F79EFBC}") = "Task11.9", "Homework11\Task11.9\Task11.9.csproj", "{58712DA4-E58B-4637-AFAC-6E3B5C494564}"
EndProject
Project("{FAE04EC0-301F-11D3-BF4B-00C04F79EFBC}") = "Task11.10", "Homework11\Task11.10\Task11.10.csproj", "{0FEBD572-7E99-45D8-BBFA-AF8F6C7B3846}"
EndProject
Project("{FAE04EC0-301F-11D3-BF4B-00C04F79EFBC}") = "Task11.11", "Homework11\Task11.11\Task11.11.csproj", "{0C172892-1033-4744-A0C1-16B6DAE3C4A8}"
EndProject
Project("{2150E333-8FDC-42A3-9474-1A3956D46DE8}") = "Homework12", "Homework12", "{D85AF0E5-80D3-4C21-93B3-E28B3FB84887}"
EndProject
Project("{FAE04EC0-301F-11D3-BF4B-00C04F79EFBC}") = "Task12.1", "Homework12\Task12.1\Task12.1.csproj", "{01C067C0-73F6-4AD5-A2E4-BCFFC4E4341A}"
EndProject
Project("{FAE04EC0-301F-11D3-BF4B-00C04F79EFBC}") = "Task12.2", "Homework12\Task12.2\Task12.2.csproj", "{C27E3F68-17E0-458B-8B07-75C383F823D7}"
EndProject
Project("{FAE04EC0-301F-11D3-BF4B-00C04F79EFBC}") = "Task12.3", "Homework12\Task12.3\Task12.3.csproj", "{7BF8B22D-24E6-4543-848F-ACBC6FB07BC7}"
EndProject
Project("{FAE04EC0-301F-11D3-BF4B-00C04F79EFBC}") = "Task12.4", "Homework12\Task12.4\Task12.4.csproj", "{5D868B30-0A3F-441D-8AE4-8253A8AB839C}"
EndProject
Project("{FAE04EC0-301F-11D3-BF4B-00C04F79EFBC}") = "Task12.5", "Homework12\Task12.5\Task12.5.csproj", "{9CF05EF6-3C28-4E0B-86F9-CAFC862AAC5B}"
EndProject
Project("{FAE04EC0-301F-11D3-BF4B-00C04F79EFBC}") = "Task12.6", "Homework12\Task12.6\Task12.6.csproj", "{8F530756-3140-4A2A-B677-D223A5B7B159}"
EndProject
Project("{FAE04EC0-301F-11D3-BF4B-00C04F79EFBC}") = "Task12.7", "Homework12\Task12.7\Task12.7.csproj", "{FD52C6DA-3C94-46D9-8F72-2E4F92FE7853}"
EndProject
Project("{FAE04EC0-301F-11D3-BF4B-00C04F79EFBC}") = "Task12.8", "Homework12\Task12.8\Task12.8.csproj", "{D2929C15-E204-4D7B-8AE0-8CF6BEFC83E4}"
EndProject
Project("{FAE04EC0-301F-11D3-BF4B-00C04F79EFBC}") = "Task12.9", "Homework12\Task12.9\Task12.9.csproj", "{B59AB57D-0092-46D9-930B-9F3AF04CCB79}"
EndProject
Project("{FAE04EC0-301F-11D3-BF4B-00C04F79EFBC}") = "Task12.10", "Homework12\Task12.10\Task12.10.csproj", "{8758665A-45BC-4421-AF5C-FC8A7DF37603}"
EndProject
Project("{FAE04EC0-301F-11D3-BF4B-00C04F79EFBC}") = "Task12.11", "Homework12\Task12.11\Task12.11.csproj", "{62CB3904-BB0C-48DD-BD12-B1275412D5B3}"
EndProject
Project("{FAE04EC0-301F-11D3-BF4B-00C04F79EFBC}") = "Task12.12", "Homework12\Task12.12\Task12.12.csproj", "{213B33CE-70F6-41B3-AFB0-6ED93E4AFC48}"
EndProject
Project("{FAE04EC0-301F-11D3-BF4B-00C04F79EFBC}") = "Task12.13", "Homework12\Task12.13\Task12.13.csproj", "{1A5111D5-ECAD-4418-A0A4-F5470D91BC3C}"
EndProject
Project("{FAE04EC0-301F-11D3-BF4B-00C04F79EFBC}") = "Task12.14", "Homework12\Task12.14\Task12.14.csproj", "{652558E7-9EEE-4EF9-AEFB-3FE816968FE5}"
EndProject
Global
	GlobalSection(SolutionConfigurationPlatforms) = preSolution
		Debug|Any CPU = Debug|Any CPU
		Release|Any CPU = Release|Any CPU
	EndGlobalSection
	GlobalSection(ProjectConfigurationPlatforms) = postSolution
		{1F946CB8-A6E1-4079-81D0-557FD4D762C4}.Debug|Any CPU.ActiveCfg = Debug|Any CPU
		{1F946CB8-A6E1-4079-81D0-557FD4D762C4}.Debug|Any CPU.Build.0 = Debug|Any CPU
		{1F946CB8-A6E1-4079-81D0-557FD4D762C4}.Release|Any CPU.ActiveCfg = Release|Any CPU
		{1F946CB8-A6E1-4079-81D0-557FD4D762C4}.Release|Any CPU.Build.0 = Release|Any CPU
		{FFDE22D5-286A-41DF-9EAB-48A54FF98B6A}.Debug|Any CPU.ActiveCfg = Debug|Any CPU
		{FFDE22D5-286A-41DF-9EAB-48A54FF98B6A}.Debug|Any CPU.Build.0 = Debug|Any CPU
		{FFDE22D5-286A-41DF-9EAB-48A54FF98B6A}.Release|Any CPU.ActiveCfg = Release|Any CPU
		{FFDE22D5-286A-41DF-9EAB-48A54FF98B6A}.Release|Any CPU.Build.0 = Release|Any CPU
		{00D2798F-EE1A-42E8-84A1-6FCF90B9680B}.Debug|Any CPU.ActiveCfg = Debug|Any CPU
		{00D2798F-EE1A-42E8-84A1-6FCF90B9680B}.Debug|Any CPU.Build.0 = Debug|Any CPU
		{00D2798F-EE1A-42E8-84A1-6FCF90B9680B}.Release|Any CPU.ActiveCfg = Release|Any CPU
		{00D2798F-EE1A-42E8-84A1-6FCF90B9680B}.Release|Any CPU.Build.0 = Release|Any CPU
		{86A3F220-210F-47BB-9D05-05FA03A019B1}.Debug|Any CPU.ActiveCfg = Debug|Any CPU
		{86A3F220-210F-47BB-9D05-05FA03A019B1}.Debug|Any CPU.Build.0 = Debug|Any CPU
		{86A3F220-210F-47BB-9D05-05FA03A019B1}.Release|Any CPU.ActiveCfg = Release|Any CPU
		{86A3F220-210F-47BB-9D05-05FA03A019B1}.Release|Any CPU.Build.0 = Release|Any CPU
		{FC93C021-90F2-47A4-849C-575C0BCF04BB}.Debug|Any CPU.ActiveCfg = Debug|Any CPU
		{FC93C021-90F2-47A4-849C-575C0BCF04BB}.Debug|Any CPU.Build.0 = Debug|Any CPU
		{FC93C021-90F2-47A4-849C-575C0BCF04BB}.Release|Any CPU.ActiveCfg = Release|Any CPU
		{FC93C021-90F2-47A4-849C-575C0BCF04BB}.Release|Any CPU.Build.0 = Release|Any CPU
		{91F5DF04-4CA6-4465-8E23-B26E89BECAC3}.Debug|Any CPU.ActiveCfg = Debug|Any CPU
		{91F5DF04-4CA6-4465-8E23-B26E89BECAC3}.Debug|Any CPU.Build.0 = Debug|Any CPU
		{91F5DF04-4CA6-4465-8E23-B26E89BECAC3}.Release|Any CPU.ActiveCfg = Release|Any CPU
		{91F5DF04-4CA6-4465-8E23-B26E89BECAC3}.Release|Any CPU.Build.0 = Release|Any CPU
		{AF4D6B22-C31F-4145-9BC2-5F5CAF6927DB}.Debug|Any CPU.ActiveCfg = Debug|Any CPU
		{AF4D6B22-C31F-4145-9BC2-5F5CAF6927DB}.Debug|Any CPU.Build.0 = Debug|Any CPU
		{AF4D6B22-C31F-4145-9BC2-5F5CAF6927DB}.Release|Any CPU.ActiveCfg = Release|Any CPU
		{AF4D6B22-C31F-4145-9BC2-5F5CAF6927DB}.Release|Any CPU.Build.0 = Release|Any CPU
		{06EAF5D0-9C5E-4368-9DC7-48F4C96774B6}.Debug|Any CPU.ActiveCfg = Debug|Any CPU
		{06EAF5D0-9C5E-4368-9DC7-48F4C96774B6}.Debug|Any CPU.Build.0 = Debug|Any CPU
		{06EAF5D0-9C5E-4368-9DC7-48F4C96774B6}.Release|Any CPU.ActiveCfg = Release|Any CPU
		{06EAF5D0-9C5E-4368-9DC7-48F4C96774B6}.Release|Any CPU.Build.0 = Release|Any CPU
		{BA92657A-6304-431A-B9CE-3E330519BF44}.Debug|Any CPU.ActiveCfg = Debug|Any CPU
		{BA92657A-6304-431A-B9CE-3E330519BF44}.Debug|Any CPU.Build.0 = Debug|Any CPU
		{BA92657A-6304-431A-B9CE-3E330519BF44}.Release|Any CPU.ActiveCfg = Release|Any CPU
		{BA92657A-6304-431A-B9CE-3E330519BF44}.Release|Any CPU.Build.0 = Release|Any CPU
		{F7B13D44-20EC-41CF-9478-E0C4CF86BCD5}.Debug|Any CPU.ActiveCfg = Debug|Any CPU
		{F7B13D44-20EC-41CF-9478-E0C4CF86BCD5}.Debug|Any CPU.Build.0 = Debug|Any CPU
		{F7B13D44-20EC-41CF-9478-E0C4CF86BCD5}.Release|Any CPU.ActiveCfg = Release|Any CPU
		{F7B13D44-20EC-41CF-9478-E0C4CF86BCD5}.Release|Any CPU.Build.0 = Release|Any CPU
		{F08D1C7E-5595-4854-B81D-FB16BD640B6D}.Debug|Any CPU.ActiveCfg = Debug|Any CPU
		{F08D1C7E-5595-4854-B81D-FB16BD640B6D}.Debug|Any CPU.Build.0 = Debug|Any CPU
		{F08D1C7E-5595-4854-B81D-FB16BD640B6D}.Release|Any CPU.ActiveCfg = Release|Any CPU
		{F08D1C7E-5595-4854-B81D-FB16BD640B6D}.Release|Any CPU.Build.0 = Release|Any CPU
		{72567135-6751-4CCD-9458-13900C79A2E1}.Debug|Any CPU.ActiveCfg = Debug|Any CPU
		{72567135-6751-4CCD-9458-13900C79A2E1}.Debug|Any CPU.Build.0 = Debug|Any CPU
		{72567135-6751-4CCD-9458-13900C79A2E1}.Release|Any CPU.ActiveCfg = Release|Any CPU
		{72567135-6751-4CCD-9458-13900C79A2E1}.Release|Any CPU.Build.0 = Release|Any CPU
		{5C9A71F9-3B53-4B1C-ACE8-C01A8B3FF61C}.Debug|Any CPU.ActiveCfg = Debug|Any CPU
		{5C9A71F9-3B53-4B1C-ACE8-C01A8B3FF61C}.Debug|Any CPU.Build.0 = Debug|Any CPU
		{5C9A71F9-3B53-4B1C-ACE8-C01A8B3FF61C}.Release|Any CPU.ActiveCfg = Release|Any CPU
		{5C9A71F9-3B53-4B1C-ACE8-C01A8B3FF61C}.Release|Any CPU.Build.0 = Release|Any CPU
		{3CBA9D07-2B93-4839-8CAE-67B31DDDAD7D}.Debug|Any CPU.ActiveCfg = Debug|Any CPU
		{3CBA9D07-2B93-4839-8CAE-67B31DDDAD7D}.Debug|Any CPU.Build.0 = Debug|Any CPU
		{3CBA9D07-2B93-4839-8CAE-67B31DDDAD7D}.Release|Any CPU.ActiveCfg = Release|Any CPU
		{3CBA9D07-2B93-4839-8CAE-67B31DDDAD7D}.Release|Any CPU.Build.0 = Release|Any CPU
		{54A29D72-94C4-48D3-A5B1-7592FC1BE168}.Debug|Any CPU.ActiveCfg = Debug|Any CPU
		{54A29D72-94C4-48D3-A5B1-7592FC1BE168}.Debug|Any CPU.Build.0 = Debug|Any CPU
		{54A29D72-94C4-48D3-A5B1-7592FC1BE168}.Release|Any CPU.ActiveCfg = Release|Any CPU
		{54A29D72-94C4-48D3-A5B1-7592FC1BE168}.Release|Any CPU.Build.0 = Release|Any CPU
		{D3B0A3C8-0A10-4B80-AF8D-ECC8E30F365E}.Debug|Any CPU.ActiveCfg = Debug|Any CPU
		{D3B0A3C8-0A10-4B80-AF8D-ECC8E30F365E}.Debug|Any CPU.Build.0 = Debug|Any CPU
		{D3B0A3C8-0A10-4B80-AF8D-ECC8E30F365E}.Release|Any CPU.ActiveCfg = Release|Any CPU
		{D3B0A3C8-0A10-4B80-AF8D-ECC8E30F365E}.Release|Any CPU.Build.0 = Release|Any CPU
		{30CBD9D3-BAD0-4538-8EA6-8A5E90F2FE5A}.Debug|Any CPU.ActiveCfg = Debug|Any CPU
		{30CBD9D3-BAD0-4538-8EA6-8A5E90F2FE5A}.Debug|Any CPU.Build.0 = Debug|Any CPU
		{30CBD9D3-BAD0-4538-8EA6-8A5E90F2FE5A}.Release|Any CPU.ActiveCfg = Release|Any CPU
		{30CBD9D3-BAD0-4538-8EA6-8A5E90F2FE5A}.Release|Any CPU.Build.0 = Release|Any CPU
		{2CAC7F62-1DD5-4F3D-A7ED-4F0D3DEF3179}.Debug|Any CPU.ActiveCfg = Debug|Any CPU
		{2CAC7F62-1DD5-4F3D-A7ED-4F0D3DEF3179}.Debug|Any CPU.Build.0 = Debug|Any CPU
		{2CAC7F62-1DD5-4F3D-A7ED-4F0D3DEF3179}.Release|Any CPU.ActiveCfg = Release|Any CPU
		{2CAC7F62-1DD5-4F3D-A7ED-4F0D3DEF3179}.Release|Any CPU.Build.0 = Release|Any CPU
		{CB444D50-46A2-481A-9A51-AFE19D4FFCBA}.Debug|Any CPU.ActiveCfg = Debug|Any CPU
		{CB444D50-46A2-481A-9A51-AFE19D4FFCBA}.Debug|Any CPU.Build.0 = Debug|Any CPU
		{CB444D50-46A2-481A-9A51-AFE19D4FFCBA}.Release|Any CPU.ActiveCfg = Release|Any CPU
		{CB444D50-46A2-481A-9A51-AFE19D4FFCBA}.Release|Any CPU.Build.0 = Release|Any CPU
		{79DB17AF-1DA5-4853-97C0-4722201BC152}.Debug|Any CPU.ActiveCfg = Debug|Any CPU
		{79DB17AF-1DA5-4853-97C0-4722201BC152}.Debug|Any CPU.Build.0 = Debug|Any CPU
		{79DB17AF-1DA5-4853-97C0-4722201BC152}.Release|Any CPU.ActiveCfg = Release|Any CPU
		{79DB17AF-1DA5-4853-97C0-4722201BC152}.Release|Any CPU.Build.0 = Release|Any CPU
		{533FB2BA-9A9E-4CA6-B1E8-9F03F721341C}.Debug|Any CPU.ActiveCfg = Debug|Any CPU
		{533FB2BA-9A9E-4CA6-B1E8-9F03F721341C}.Debug|Any CPU.Build.0 = Debug|Any CPU
		{533FB2BA-9A9E-4CA6-B1E8-9F03F721341C}.Release|Any CPU.ActiveCfg = Release|Any CPU
		{533FB2BA-9A9E-4CA6-B1E8-9F03F721341C}.Release|Any CPU.Build.0 = Release|Any CPU
		{0923F63E-7BA1-4A05-9D29-E230DB862492}.Debug|Any CPU.ActiveCfg = Debug|Any CPU
		{0923F63E-7BA1-4A05-9D29-E230DB862492}.Debug|Any CPU.Build.0 = Debug|Any CPU
		{0923F63E-7BA1-4A05-9D29-E230DB862492}.Release|Any CPU.ActiveCfg = Release|Any CPU
		{0923F63E-7BA1-4A05-9D29-E230DB862492}.Release|Any CPU.Build.0 = Release|Any CPU
		{71246972-D75A-4460-9E25-70230315254F}.Debug|Any CPU.ActiveCfg = Debug|Any CPU
		{71246972-D75A-4460-9E25-70230315254F}.Debug|Any CPU.Build.0 = Debug|Any CPU
		{71246972-D75A-4460-9E25-70230315254F}.Release|Any CPU.ActiveCfg = Release|Any CPU
		{71246972-D75A-4460-9E25-70230315254F}.Release|Any CPU.Build.0 = Release|Any CPU
		{42C38E49-40F1-4E9E-A6EC-2E5022E76EFF}.Debug|Any CPU.ActiveCfg = Debug|Any CPU
		{42C38E49-40F1-4E9E-A6EC-2E5022E76EFF}.Debug|Any CPU.Build.0 = Debug|Any CPU
		{42C38E49-40F1-4E9E-A6EC-2E5022E76EFF}.Release|Any CPU.ActiveCfg = Release|Any CPU
		{42C38E49-40F1-4E9E-A6EC-2E5022E76EFF}.Release|Any CPU.Build.0 = Release|Any CPU
		{C29E38EF-8915-4701-A455-FA08D7D7DAD1}.Debug|Any CPU.ActiveCfg = Debug|Any CPU
		{C29E38EF-8915-4701-A455-FA08D7D7DAD1}.Debug|Any CPU.Build.0 = Debug|Any CPU
		{C29E38EF-8915-4701-A455-FA08D7D7DAD1}.Release|Any CPU.ActiveCfg = Release|Any CPU
		{C29E38EF-8915-4701-A455-FA08D7D7DAD1}.Release|Any CPU.Build.0 = Release|Any CPU
		{E4695666-F977-4415-9127-D37C10F09359}.Debug|Any CPU.ActiveCfg = Debug|Any CPU
		{E4695666-F977-4415-9127-D37C10F09359}.Debug|Any CPU.Build.0 = Debug|Any CPU
		{E4695666-F977-4415-9127-D37C10F09359}.Release|Any CPU.ActiveCfg = Release|Any CPU
		{E4695666-F977-4415-9127-D37C10F09359}.Release|Any CPU.Build.0 = Release|Any CPU
		{35CAC85B-12FD-4D73-864A-EC49CB987176}.Debug|Any CPU.ActiveCfg = Debug|Any CPU
		{35CAC85B-12FD-4D73-864A-EC49CB987176}.Debug|Any CPU.Build.0 = Debug|Any CPU
		{35CAC85B-12FD-4D73-864A-EC49CB987176}.Release|Any CPU.ActiveCfg = Release|Any CPU
		{35CAC85B-12FD-4D73-864A-EC49CB987176}.Release|Any CPU.Build.0 = Release|Any CPU
		{85BBB36A-6754-4AF0-941C-84F8173EE5D1}.Debug|Any CPU.ActiveCfg = Debug|Any CPU
		{85BBB36A-6754-4AF0-941C-84F8173EE5D1}.Debug|Any CPU.Build.0 = Debug|Any CPU
		{85BBB36A-6754-4AF0-941C-84F8173EE5D1}.Release|Any CPU.ActiveCfg = Release|Any CPU
		{85BBB36A-6754-4AF0-941C-84F8173EE5D1}.Release|Any CPU.Build.0 = Release|Any CPU
		{DA4B7BE1-64BB-41BE-BF8D-44E54386CD64}.Debug|Any CPU.ActiveCfg = Debug|Any CPU
		{DA4B7BE1-64BB-41BE-BF8D-44E54386CD64}.Debug|Any CPU.Build.0 = Debug|Any CPU
		{DA4B7BE1-64BB-41BE-BF8D-44E54386CD64}.Release|Any CPU.ActiveCfg = Release|Any CPU
		{DA4B7BE1-64BB-41BE-BF8D-44E54386CD64}.Release|Any CPU.Build.0 = Release|Any CPU
		{8FBA1A96-DA19-485B-820A-17FE1D79CAA1}.Debug|Any CPU.ActiveCfg = Debug|Any CPU
		{8FBA1A96-DA19-485B-820A-17FE1D79CAA1}.Debug|Any CPU.Build.0 = Debug|Any CPU
		{8FBA1A96-DA19-485B-820A-17FE1D79CAA1}.Release|Any CPU.ActiveCfg = Release|Any CPU
		{8FBA1A96-DA19-485B-820A-17FE1D79CAA1}.Release|Any CPU.Build.0 = Release|Any CPU
		{D518A987-264A-4B20-95D1-0089BADF8D1B}.Debug|Any CPU.ActiveCfg = Debug|Any CPU
		{D518A987-264A-4B20-95D1-0089BADF8D1B}.Debug|Any CPU.Build.0 = Debug|Any CPU
		{D518A987-264A-4B20-95D1-0089BADF8D1B}.Release|Any CPU.ActiveCfg = Release|Any CPU
		{D518A987-264A-4B20-95D1-0089BADF8D1B}.Release|Any CPU.Build.0 = Release|Any CPU
		{C65D039B-63E5-4D6F-94E9-217055D306EA}.Debug|Any CPU.ActiveCfg = Debug|Any CPU
		{C65D039B-63E5-4D6F-94E9-217055D306EA}.Debug|Any CPU.Build.0 = Debug|Any CPU
		{C65D039B-63E5-4D6F-94E9-217055D306EA}.Release|Any CPU.ActiveCfg = Release|Any CPU
		{C65D039B-63E5-4D6F-94E9-217055D306EA}.Release|Any CPU.Build.0 = Release|Any CPU
		{7BCD5382-57BB-4693-A4A7-9C6309F70C95}.Debug|Any CPU.ActiveCfg = Debug|Any CPU
		{7BCD5382-57BB-4693-A4A7-9C6309F70C95}.Debug|Any CPU.Build.0 = Debug|Any CPU
		{7BCD5382-57BB-4693-A4A7-9C6309F70C95}.Release|Any CPU.ActiveCfg = Release|Any CPU
		{7BCD5382-57BB-4693-A4A7-9C6309F70C95}.Release|Any CPU.Build.0 = Release|Any CPU
		{DE94AE04-7202-4EC8-9CE7-5A8ACA96586B}.Debug|Any CPU.ActiveCfg = Debug|Any CPU
		{DE94AE04-7202-4EC8-9CE7-5A8ACA96586B}.Debug|Any CPU.Build.0 = Debug|Any CPU
		{DE94AE04-7202-4EC8-9CE7-5A8ACA96586B}.Release|Any CPU.ActiveCfg = Release|Any CPU
		{DE94AE04-7202-4EC8-9CE7-5A8ACA96586B}.Release|Any CPU.Build.0 = Release|Any CPU
		{B3E88F0B-EE30-4A71-8565-A20A5D01818C}.Debug|Any CPU.ActiveCfg = Debug|Any CPU
		{B3E88F0B-EE30-4A71-8565-A20A5D01818C}.Debug|Any CPU.Build.0 = Debug|Any CPU
		{B3E88F0B-EE30-4A71-8565-A20A5D01818C}.Release|Any CPU.ActiveCfg = Release|Any CPU
		{B3E88F0B-EE30-4A71-8565-A20A5D01818C}.Release|Any CPU.Build.0 = Release|Any CPU
		{410D1835-A723-42D2-AD63-01C0F7702972}.Debug|Any CPU.ActiveCfg = Debug|Any CPU
		{410D1835-A723-42D2-AD63-01C0F7702972}.Debug|Any CPU.Build.0 = Debug|Any CPU
		{410D1835-A723-42D2-AD63-01C0F7702972}.Release|Any CPU.ActiveCfg = Release|Any CPU
		{410D1835-A723-42D2-AD63-01C0F7702972}.Release|Any CPU.Build.0 = Release|Any CPU
		{B111CB10-49AC-42BC-840C-2EE2F176AFC2}.Debug|Any CPU.ActiveCfg = Debug|Any CPU
		{B111CB10-49AC-42BC-840C-2EE2F176AFC2}.Debug|Any CPU.Build.0 = Debug|Any CPU
		{B111CB10-49AC-42BC-840C-2EE2F176AFC2}.Release|Any CPU.ActiveCfg = Release|Any CPU
		{B111CB10-49AC-42BC-840C-2EE2F176AFC2}.Release|Any CPU.Build.0 = Release|Any CPU
		{F34E90C9-0873-4F15-B439-BE50ED6AD0D5}.Debug|Any CPU.ActiveCfg = Debug|Any CPU
		{F34E90C9-0873-4F15-B439-BE50ED6AD0D5}.Debug|Any CPU.Build.0 = Debug|Any CPU
		{F34E90C9-0873-4F15-B439-BE50ED6AD0D5}.Release|Any CPU.ActiveCfg = Release|Any CPU
		{F34E90C9-0873-4F15-B439-BE50ED6AD0D5}.Release|Any CPU.Build.0 = Release|Any CPU
		{58DC6CB6-0328-4361-863D-C75DBDCCF3A3}.Debug|Any CPU.ActiveCfg = Debug|Any CPU
		{58DC6CB6-0328-4361-863D-C75DBDCCF3A3}.Debug|Any CPU.Build.0 = Debug|Any CPU
		{58DC6CB6-0328-4361-863D-C75DBDCCF3A3}.Release|Any CPU.ActiveCfg = Release|Any CPU
		{58DC6CB6-0328-4361-863D-C75DBDCCF3A3}.Release|Any CPU.Build.0 = Release|Any CPU
		{3F6325F8-239F-4388-99A6-FE0D856094F8}.Debug|Any CPU.ActiveCfg = Debug|Any CPU
		{3F6325F8-239F-4388-99A6-FE0D856094F8}.Debug|Any CPU.Build.0 = Debug|Any CPU
		{3F6325F8-239F-4388-99A6-FE0D856094F8}.Release|Any CPU.ActiveCfg = Release|Any CPU
		{3F6325F8-239F-4388-99A6-FE0D856094F8}.Release|Any CPU.Build.0 = Release|Any CPU
		{F9E2A935-C618-4C4C-BFB7-8C2DB1122589}.Debug|Any CPU.ActiveCfg = Debug|Any CPU
		{F9E2A935-C618-4C4C-BFB7-8C2DB1122589}.Debug|Any CPU.Build.0 = Debug|Any CPU
		{F9E2A935-C618-4C4C-BFB7-8C2DB1122589}.Release|Any CPU.ActiveCfg = Release|Any CPU
		{F9E2A935-C618-4C4C-BFB7-8C2DB1122589}.Release|Any CPU.Build.0 = Release|Any CPU
		{B9D89907-419B-4816-8F87-6FAC3BC97CC5}.Debug|Any CPU.ActiveCfg = Debug|Any CPU
		{B9D89907-419B-4816-8F87-6FAC3BC97CC5}.Debug|Any CPU.Build.0 = Debug|Any CPU
		{B9D89907-419B-4816-8F87-6FAC3BC97CC5}.Release|Any CPU.ActiveCfg = Release|Any CPU
		{B9D89907-419B-4816-8F87-6FAC3BC97CC5}.Release|Any CPU.Build.0 = Release|Any CPU
		{4EE01E2D-0DCC-4825-81C1-7077D358ED0D}.Debug|Any CPU.ActiveCfg = Debug|Any CPU
		{4EE01E2D-0DCC-4825-81C1-7077D358ED0D}.Debug|Any CPU.Build.0 = Debug|Any CPU
		{4EE01E2D-0DCC-4825-81C1-7077D358ED0D}.Release|Any CPU.ActiveCfg = Release|Any CPU
		{4EE01E2D-0DCC-4825-81C1-7077D358ED0D}.Release|Any CPU.Build.0 = Release|Any CPU
		{80FDA2A0-C0BF-4582-BBAA-7B262520522E}.Debug|Any CPU.ActiveCfg = Debug|Any CPU
		{80FDA2A0-C0BF-4582-BBAA-7B262520522E}.Debug|Any CPU.Build.0 = Debug|Any CPU
		{80FDA2A0-C0BF-4582-BBAA-7B262520522E}.Release|Any CPU.ActiveCfg = Release|Any CPU
		{80FDA2A0-C0BF-4582-BBAA-7B262520522E}.Release|Any CPU.Build.0 = Release|Any CPU
		{BCADAE0E-A05F-4E59-B84F-8C2DCA120027}.Debug|Any CPU.ActiveCfg = Debug|Any CPU
		{BCADAE0E-A05F-4E59-B84F-8C2DCA120027}.Debug|Any CPU.Build.0 = Debug|Any CPU
		{BCADAE0E-A05F-4E59-B84F-8C2DCA120027}.Release|Any CPU.ActiveCfg = Release|Any CPU
		{BCADAE0E-A05F-4E59-B84F-8C2DCA120027}.Release|Any CPU.Build.0 = Release|Any CPU
		{464E2745-B9D5-40B3-8FAC-D6D28F93453E}.Debug|Any CPU.ActiveCfg = Debug|Any CPU
		{464E2745-B9D5-40B3-8FAC-D6D28F93453E}.Debug|Any CPU.Build.0 = Debug|Any CPU
		{464E2745-B9D5-40B3-8FAC-D6D28F93453E}.Release|Any CPU.ActiveCfg = Release|Any CPU
		{464E2745-B9D5-40B3-8FAC-D6D28F93453E}.Release|Any CPU.Build.0 = Release|Any CPU
		{FF5ABACF-1D6A-4B85-8A89-2051DE6F23BA}.Debug|Any CPU.ActiveCfg = Debug|Any CPU
		{FF5ABACF-1D6A-4B85-8A89-2051DE6F23BA}.Debug|Any CPU.Build.0 = Debug|Any CPU
		{FF5ABACF-1D6A-4B85-8A89-2051DE6F23BA}.Release|Any CPU.ActiveCfg = Release|Any CPU
		{FF5ABACF-1D6A-4B85-8A89-2051DE6F23BA}.Release|Any CPU.Build.0 = Release|Any CPU
		{5B612F52-9049-4955-8923-4FBABA67A996}.Debug|Any CPU.ActiveCfg = Debug|Any CPU
		{5B612F52-9049-4955-8923-4FBABA67A996}.Debug|Any CPU.Build.0 = Debug|Any CPU
		{5B612F52-9049-4955-8923-4FBABA67A996}.Release|Any CPU.ActiveCfg = Release|Any CPU
		{5B612F52-9049-4955-8923-4FBABA67A996}.Release|Any CPU.Build.0 = Release|Any CPU
		{2498050C-B9DB-4968-AB20-E4D1B4D0F83B}.Debug|Any CPU.ActiveCfg = Debug|Any CPU
		{2498050C-B9DB-4968-AB20-E4D1B4D0F83B}.Debug|Any CPU.Build.0 = Debug|Any CPU
		{2498050C-B9DB-4968-AB20-E4D1B4D0F83B}.Release|Any CPU.ActiveCfg = Release|Any CPU
		{2498050C-B9DB-4968-AB20-E4D1B4D0F83B}.Release|Any CPU.Build.0 = Release|Any CPU
		{50DA64A6-1460-4B16-9B00-485C626946DD}.Debug|Any CPU.ActiveCfg = Debug|Any CPU
		{50DA64A6-1460-4B16-9B00-485C626946DD}.Debug|Any CPU.Build.0 = Debug|Any CPU
		{50DA64A6-1460-4B16-9B00-485C626946DD}.Release|Any CPU.ActiveCfg = Release|Any CPU
		{50DA64A6-1460-4B16-9B00-485C626946DD}.Release|Any CPU.Build.0 = Release|Any CPU
		{391EED47-1A27-47B3-AE9E-86BE1C19344B}.Debug|Any CPU.ActiveCfg = Debug|Any CPU
		{391EED47-1A27-47B3-AE9E-86BE1C19344B}.Debug|Any CPU.Build.0 = Debug|Any CPU
		{391EED47-1A27-47B3-AE9E-86BE1C19344B}.Release|Any CPU.ActiveCfg = Release|Any CPU
		{391EED47-1A27-47B3-AE9E-86BE1C19344B}.Release|Any CPU.Build.0 = Release|Any CPU
		{ABB17A43-A92D-4C91-9E35-C49F3461C0D8}.Debug|Any CPU.ActiveCfg = Debug|Any CPU
		{ABB17A43-A92D-4C91-9E35-C49F3461C0D8}.Debug|Any CPU.Build.0 = Debug|Any CPU
		{ABB17A43-A92D-4C91-9E35-C49F3461C0D8}.Release|Any CPU.ActiveCfg = Release|Any CPU
		{ABB17A43-A92D-4C91-9E35-C49F3461C0D8}.Release|Any CPU.Build.0 = Release|Any CPU
		{959F8090-A57D-41FA-9E43-31DD5C7C3A59}.Debug|Any CPU.ActiveCfg = Debug|Any CPU
		{959F8090-A57D-41FA-9E43-31DD5C7C3A59}.Debug|Any CPU.Build.0 = Debug|Any CPU
		{959F8090-A57D-41FA-9E43-31DD5C7C3A59}.Release|Any CPU.ActiveCfg = Release|Any CPU
		{959F8090-A57D-41FA-9E43-31DD5C7C3A59}.Release|Any CPU.Build.0 = Release|Any CPU
		{2AD0691E-77FB-462E-8D81-B075EE14167A}.Debug|Any CPU.ActiveCfg = Debug|Any CPU
		{2AD0691E-77FB-462E-8D81-B075EE14167A}.Debug|Any CPU.Build.0 = Debug|Any CPU
		{2AD0691E-77FB-462E-8D81-B075EE14167A}.Release|Any CPU.ActiveCfg = Release|Any CPU
		{2AD0691E-77FB-462E-8D81-B075EE14167A}.Release|Any CPU.Build.0 = Release|Any CPU
		{6BCD775F-0391-4B33-AB3B-8D29568E93A0}.Debug|Any CPU.ActiveCfg = Debug|Any CPU
		{6BCD775F-0391-4B33-AB3B-8D29568E93A0}.Debug|Any CPU.Build.0 = Debug|Any CPU
		{6BCD775F-0391-4B33-AB3B-8D29568E93A0}.Release|Any CPU.ActiveCfg = Release|Any CPU
		{6BCD775F-0391-4B33-AB3B-8D29568E93A0}.Release|Any CPU.Build.0 = Release|Any CPU
		{D3A3665F-720A-4D6D-B3C4-B7FD6786E905}.Debug|Any CPU.ActiveCfg = Debug|Any CPU
		{D3A3665F-720A-4D6D-B3C4-B7FD6786E905}.Debug|Any CPU.Build.0 = Debug|Any CPU
		{D3A3665F-720A-4D6D-B3C4-B7FD6786E905}.Release|Any CPU.ActiveCfg = Release|Any CPU
		{D3A3665F-720A-4D6D-B3C4-B7FD6786E905}.Release|Any CPU.Build.0 = Release|Any CPU
		{F21113D4-C437-4AB0-A37F-B4F3D7DFEA28}.Debug|Any CPU.ActiveCfg = Debug|Any CPU
		{F21113D4-C437-4AB0-A37F-B4F3D7DFEA28}.Debug|Any CPU.Build.0 = Debug|Any CPU
		{F21113D4-C437-4AB0-A37F-B4F3D7DFEA28}.Release|Any CPU.ActiveCfg = Release|Any CPU
		{F21113D4-C437-4AB0-A37F-B4F3D7DFEA28}.Release|Any CPU.Build.0 = Release|Any CPU
		{40D2BE6B-8D0F-4E67-81B2-7B360DECCBD1}.Debug|Any CPU.ActiveCfg = Debug|Any CPU
		{40D2BE6B-8D0F-4E67-81B2-7B360DECCBD1}.Debug|Any CPU.Build.0 = Debug|Any CPU
		{40D2BE6B-8D0F-4E67-81B2-7B360DECCBD1}.Release|Any CPU.ActiveCfg = Release|Any CPU
		{40D2BE6B-8D0F-4E67-81B2-7B360DECCBD1}.Release|Any CPU.Build.0 = Release|Any CPU
		{09A4E619-56E9-495A-8601-A812885452AC}.Debug|Any CPU.ActiveCfg = Debug|Any CPU
		{09A4E619-56E9-495A-8601-A812885452AC}.Debug|Any CPU.Build.0 = Debug|Any CPU
		{09A4E619-56E9-495A-8601-A812885452AC}.Release|Any CPU.ActiveCfg = Release|Any CPU
		{09A4E619-56E9-495A-8601-A812885452AC}.Release|Any CPU.Build.0 = Release|Any CPU
		{56EE2332-9A71-4DA6-B25B-DA8B98F2BE02}.Debug|Any CPU.ActiveCfg = Debug|Any CPU
		{56EE2332-9A71-4DA6-B25B-DA8B98F2BE02}.Debug|Any CPU.Build.0 = Debug|Any CPU
		{56EE2332-9A71-4DA6-B25B-DA8B98F2BE02}.Release|Any CPU.ActiveCfg = Release|Any CPU
		{56EE2332-9A71-4DA6-B25B-DA8B98F2BE02}.Release|Any CPU.Build.0 = Release|Any CPU
		{7CD0D164-DDF2-41E4-907E-333F1FDD5CB1}.Debug|Any CPU.ActiveCfg = Debug|Any CPU
		{7CD0D164-DDF2-41E4-907E-333F1FDD5CB1}.Debug|Any CPU.Build.0 = Debug|Any CPU
		{7CD0D164-DDF2-41E4-907E-333F1FDD5CB1}.Release|Any CPU.ActiveCfg = Release|Any CPU
		{7CD0D164-DDF2-41E4-907E-333F1FDD5CB1}.Release|Any CPU.Build.0 = Release|Any CPU
		{75BE0E01-01C2-4817-ABB9-DF538E89CEFD}.Debug|Any CPU.ActiveCfg = Debug|Any CPU
		{75BE0E01-01C2-4817-ABB9-DF538E89CEFD}.Debug|Any CPU.Build.0 = Debug|Any CPU
		{75BE0E01-01C2-4817-ABB9-DF538E89CEFD}.Release|Any CPU.ActiveCfg = Release|Any CPU
		{75BE0E01-01C2-4817-ABB9-DF538E89CEFD}.Release|Any CPU.Build.0 = Release|Any CPU
		{C7417C95-4DFF-4C82-BC17-450F309E1E8B}.Debug|Any CPU.ActiveCfg = Debug|Any CPU
		{C7417C95-4DFF-4C82-BC17-450F309E1E8B}.Debug|Any CPU.Build.0 = Debug|Any CPU
		{C7417C95-4DFF-4C82-BC17-450F309E1E8B}.Release|Any CPU.ActiveCfg = Release|Any CPU
		{C7417C95-4DFF-4C82-BC17-450F309E1E8B}.Release|Any CPU.Build.0 = Release|Any CPU
		{93FC003F-97FD-400B-8E69-C9C9FBB05532}.Debug|Any CPU.ActiveCfg = Debug|Any CPU
		{93FC003F-97FD-400B-8E69-C9C9FBB05532}.Debug|Any CPU.Build.0 = Debug|Any CPU
		{93FC003F-97FD-400B-8E69-C9C9FBB05532}.Release|Any CPU.ActiveCfg = Release|Any CPU
		{93FC003F-97FD-400B-8E69-C9C9FBB05532}.Release|Any CPU.Build.0 = Release|Any CPU
		{DE28EEED-257B-4382-AE5D-AA9FEC00B1F3}.Debug|Any CPU.ActiveCfg = Debug|Any CPU
		{DE28EEED-257B-4382-AE5D-AA9FEC00B1F3}.Debug|Any CPU.Build.0 = Debug|Any CPU
		{DE28EEED-257B-4382-AE5D-AA9FEC00B1F3}.Release|Any CPU.ActiveCfg = Release|Any CPU
		{DE28EEED-257B-4382-AE5D-AA9FEC00B1F3}.Release|Any CPU.Build.0 = Release|Any CPU
		{35FD6E81-5334-4400-9FCB-5C99DAD99AAD}.Debug|Any CPU.ActiveCfg = Debug|Any CPU
		{35FD6E81-5334-4400-9FCB-5C99DAD99AAD}.Debug|Any CPU.Build.0 = Debug|Any CPU
		{35FD6E81-5334-4400-9FCB-5C99DAD99AAD}.Release|Any CPU.ActiveCfg = Release|Any CPU
		{35FD6E81-5334-4400-9FCB-5C99DAD99AAD}.Release|Any CPU.Build.0 = Release|Any CPU
		{917079F0-C908-4275-ADA8-7E3F15EF710B}.Debug|Any CPU.ActiveCfg = Debug|Any CPU
		{917079F0-C908-4275-ADA8-7E3F15EF710B}.Debug|Any CPU.Build.0 = Debug|Any CPU
		{917079F0-C908-4275-ADA8-7E3F15EF710B}.Release|Any CPU.ActiveCfg = Release|Any CPU
		{917079F0-C908-4275-ADA8-7E3F15EF710B}.Release|Any CPU.Build.0 = Release|Any CPU
		{CCD50D1D-2503-4095-8EB8-87872EBD8CE5}.Debug|Any CPU.ActiveCfg = Debug|Any CPU
		{CCD50D1D-2503-4095-8EB8-87872EBD8CE5}.Debug|Any CPU.Build.0 = Debug|Any CPU
		{CCD50D1D-2503-4095-8EB8-87872EBD8CE5}.Release|Any CPU.ActiveCfg = Release|Any CPU
		{CCD50D1D-2503-4095-8EB8-87872EBD8CE5}.Release|Any CPU.Build.0 = Release|Any CPU
		{BB51F044-FA1C-429B-8834-6DFCB6036703}.Debug|Any CPU.ActiveCfg = Debug|Any CPU
		{BB51F044-FA1C-429B-8834-6DFCB6036703}.Debug|Any CPU.Build.0 = Debug|Any CPU
		{BB51F044-FA1C-429B-8834-6DFCB6036703}.Release|Any CPU.ActiveCfg = Release|Any CPU
		{BB51F044-FA1C-429B-8834-6DFCB6036703}.Release|Any CPU.Build.0 = Release|Any CPU
		{3A50554F-7AD0-4E81-B5B7-CB3D22D1548D}.Debug|Any CPU.ActiveCfg = Debug|Any CPU
		{3A50554F-7AD0-4E81-B5B7-CB3D22D1548D}.Debug|Any CPU.Build.0 = Debug|Any CPU
		{3A50554F-7AD0-4E81-B5B7-CB3D22D1548D}.Release|Any CPU.ActiveCfg = Release|Any CPU
		{3A50554F-7AD0-4E81-B5B7-CB3D22D1548D}.Release|Any CPU.Build.0 = Release|Any CPU
		{706CD44A-0E52-4F0B-8535-6E8F52DADC14}.Debug|Any CPU.ActiveCfg = Debug|Any CPU
		{706CD44A-0E52-4F0B-8535-6E8F52DADC14}.Debug|Any CPU.Build.0 = Debug|Any CPU
		{706CD44A-0E52-4F0B-8535-6E8F52DADC14}.Release|Any CPU.ActiveCfg = Release|Any CPU
		{706CD44A-0E52-4F0B-8535-6E8F52DADC14}.Release|Any CPU.Build.0 = Release|Any CPU
		{693A1207-8B69-4AF8-A556-5EF6A775E3E2}.Debug|Any CPU.ActiveCfg = Debug|Any CPU
		{693A1207-8B69-4AF8-A556-5EF6A775E3E2}.Debug|Any CPU.Build.0 = Debug|Any CPU
		{693A1207-8B69-4AF8-A556-5EF6A775E3E2}.Release|Any CPU.ActiveCfg = Release|Any CPU
		{693A1207-8B69-4AF8-A556-5EF6A775E3E2}.Release|Any CPU.Build.0 = Release|Any CPU
		{24E228CC-A091-4440-AC3A-FEFAEA997768}.Debug|Any CPU.ActiveCfg = Debug|Any CPU
		{24E228CC-A091-4440-AC3A-FEFAEA997768}.Debug|Any CPU.Build.0 = Debug|Any CPU
		{24E228CC-A091-4440-AC3A-FEFAEA997768}.Release|Any CPU.ActiveCfg = Release|Any CPU
		{24E228CC-A091-4440-AC3A-FEFAEA997768}.Release|Any CPU.Build.0 = Release|Any CPU
		{C96BEEB8-90BA-400F-8087-A8575D331D6C}.Debug|Any CPU.ActiveCfg = Debug|Any CPU
		{C96BEEB8-90BA-400F-8087-A8575D331D6C}.Debug|Any CPU.Build.0 = Debug|Any CPU
		{C96BEEB8-90BA-400F-8087-A8575D331D6C}.Release|Any CPU.ActiveCfg = Release|Any CPU
		{C96BEEB8-90BA-400F-8087-A8575D331D6C}.Release|Any CPU.Build.0 = Release|Any CPU
		{33D21BD7-46E1-4435-997D-A578AFC84E46}.Debug|Any CPU.ActiveCfg = Debug|Any CPU
		{33D21BD7-46E1-4435-997D-A578AFC84E46}.Debug|Any CPU.Build.0 = Debug|Any CPU
		{33D21BD7-46E1-4435-997D-A578AFC84E46}.Release|Any CPU.ActiveCfg = Release|Any CPU
		{33D21BD7-46E1-4435-997D-A578AFC84E46}.Release|Any CPU.Build.0 = Release|Any CPU
		{9325B793-1788-4C31-938A-09EBD9AEAC66}.Debug|Any CPU.ActiveCfg = Debug|Any CPU
		{9325B793-1788-4C31-938A-09EBD9AEAC66}.Debug|Any CPU.Build.0 = Debug|Any CPU
		{9325B793-1788-4C31-938A-09EBD9AEAC66}.Release|Any CPU.ActiveCfg = Release|Any CPU
		{9325B793-1788-4C31-938A-09EBD9AEAC66}.Release|Any CPU.Build.0 = Release|Any CPU
		{4AAE0EDA-49FE-4BD9-8D09-3240DB76B088}.Debug|Any CPU.ActiveCfg = Debug|Any CPU
		{4AAE0EDA-49FE-4BD9-8D09-3240DB76B088}.Debug|Any CPU.Build.0 = Debug|Any CPU
		{4AAE0EDA-49FE-4BD9-8D09-3240DB76B088}.Release|Any CPU.ActiveCfg = Release|Any CPU
		{4AAE0EDA-49FE-4BD9-8D09-3240DB76B088}.Release|Any CPU.Build.0 = Release|Any CPU
		{7F921AAB-1939-4C23-A0D7-04C904F678D6}.Debug|Any CPU.ActiveCfg = Debug|Any CPU
		{7F921AAB-1939-4C23-A0D7-04C904F678D6}.Debug|Any CPU.Build.0 = Debug|Any CPU
		{7F921AAB-1939-4C23-A0D7-04C904F678D6}.Release|Any CPU.ActiveCfg = Release|Any CPU
		{7F921AAB-1939-4C23-A0D7-04C904F678D6}.Release|Any CPU.Build.0 = Release|Any CPU
		{002E43FA-12D0-4141-AD8D-C7138FB46521}.Debug|Any CPU.ActiveCfg = Debug|Any CPU
		{002E43FA-12D0-4141-AD8D-C7138FB46521}.Debug|Any CPU.Build.0 = Debug|Any CPU
		{002E43FA-12D0-4141-AD8D-C7138FB46521}.Release|Any CPU.ActiveCfg = Release|Any CPU
		{002E43FA-12D0-4141-AD8D-C7138FB46521}.Release|Any CPU.Build.0 = Release|Any CPU
		{C09D23E7-2A12-4343-8C20-7BFB1E2820EA}.Debug|Any CPU.ActiveCfg = Debug|Any CPU
		{C09D23E7-2A12-4343-8C20-7BFB1E2820EA}.Debug|Any CPU.Build.0 = Debug|Any CPU
		{C09D23E7-2A12-4343-8C20-7BFB1E2820EA}.Release|Any CPU.ActiveCfg = Release|Any CPU
		{C09D23E7-2A12-4343-8C20-7BFB1E2820EA}.Release|Any CPU.Build.0 = Release|Any CPU
		{A5D469DE-1AC0-4796-BD45-6E2F59099090}.Debug|Any CPU.ActiveCfg = Debug|Any CPU
		{A5D469DE-1AC0-4796-BD45-6E2F59099090}.Debug|Any CPU.Build.0 = Debug|Any CPU
		{A5D469DE-1AC0-4796-BD45-6E2F59099090}.Release|Any CPU.ActiveCfg = Release|Any CPU
		{A5D469DE-1AC0-4796-BD45-6E2F59099090}.Release|Any CPU.Build.0 = Release|Any CPU
		{F796A8EE-DFBC-40F3-A62E-2B1929FD11A6}.Debug|Any CPU.ActiveCfg = Debug|Any CPU
		{F796A8EE-DFBC-40F3-A62E-2B1929FD11A6}.Debug|Any CPU.Build.0 = Debug|Any CPU
		{F796A8EE-DFBC-40F3-A62E-2B1929FD11A6}.Release|Any CPU.ActiveCfg = Release|Any CPU
		{F796A8EE-DFBC-40F3-A62E-2B1929FD11A6}.Release|Any CPU.Build.0 = Release|Any CPU
		{A461565A-22E6-4C66-87A6-5113EF4D7F73}.Debug|Any CPU.ActiveCfg = Debug|Any CPU
		{A461565A-22E6-4C66-87A6-5113EF4D7F73}.Debug|Any CPU.Build.0 = Debug|Any CPU
		{A461565A-22E6-4C66-87A6-5113EF4D7F73}.Release|Any CPU.ActiveCfg = Release|Any CPU
		{A461565A-22E6-4C66-87A6-5113EF4D7F73}.Release|Any CPU.Build.0 = Release|Any CPU
		{896D911B-D040-436A-B606-C342654F38D8}.Debug|Any CPU.ActiveCfg = Debug|Any CPU
		{896D911B-D040-436A-B606-C342654F38D8}.Debug|Any CPU.Build.0 = Debug|Any CPU
		{896D911B-D040-436A-B606-C342654F38D8}.Release|Any CPU.ActiveCfg = Release|Any CPU
		{896D911B-D040-436A-B606-C342654F38D8}.Release|Any CPU.Build.0 = Release|Any CPU
		{9B1DCA6E-4410-4066-9398-145C40FD9779}.Debug|Any CPU.ActiveCfg = Debug|Any CPU
		{9B1DCA6E-4410-4066-9398-145C40FD9779}.Debug|Any CPU.Build.0 = Debug|Any CPU
		{9B1DCA6E-4410-4066-9398-145C40FD9779}.Release|Any CPU.ActiveCfg = Release|Any CPU
		{9B1DCA6E-4410-4066-9398-145C40FD9779}.Release|Any CPU.Build.0 = Release|Any CPU
		{7C87FB80-A79F-4B2F-B6A5-7E891B8DE76E}.Debug|Any CPU.ActiveCfg = Debug|Any CPU
		{7C87FB80-A79F-4B2F-B6A5-7E891B8DE76E}.Debug|Any CPU.Build.0 = Debug|Any CPU
		{7C87FB80-A79F-4B2F-B6A5-7E891B8DE76E}.Release|Any CPU.ActiveCfg = Release|Any CPU
		{7C87FB80-A79F-4B2F-B6A5-7E891B8DE76E}.Release|Any CPU.Build.0 = Release|Any CPU
		{BF383564-BA31-4988-9436-E49BF8C80E10}.Debug|Any CPU.ActiveCfg = Debug|Any CPU
		{BF383564-BA31-4988-9436-E49BF8C80E10}.Debug|Any CPU.Build.0 = Debug|Any CPU
		{BF383564-BA31-4988-9436-E49BF8C80E10}.Release|Any CPU.ActiveCfg = Release|Any CPU
		{BF383564-BA31-4988-9436-E49BF8C80E10}.Release|Any CPU.Build.0 = Release|Any CPU
		{EDC23772-3F19-4013-83FA-C8196A277EDC}.Debug|Any CPU.ActiveCfg = Debug|Any CPU
		{EDC23772-3F19-4013-83FA-C8196A277EDC}.Debug|Any CPU.Build.0 = Debug|Any CPU
		{EDC23772-3F19-4013-83FA-C8196A277EDC}.Release|Any CPU.ActiveCfg = Release|Any CPU
		{EDC23772-3F19-4013-83FA-C8196A277EDC}.Release|Any CPU.Build.0 = Release|Any CPU
		{714D8306-F58A-40BA-ABD1-6ED37B1D063D}.Debug|Any CPU.ActiveCfg = Debug|Any CPU
		{714D8306-F58A-40BA-ABD1-6ED37B1D063D}.Debug|Any CPU.Build.0 = Debug|Any CPU
		{714D8306-F58A-40BA-ABD1-6ED37B1D063D}.Release|Any CPU.ActiveCfg = Release|Any CPU
		{714D8306-F58A-40BA-ABD1-6ED37B1D063D}.Release|Any CPU.Build.0 = Release|Any CPU
		{B19D4307-616E-4BEC-8FF4-9CFFFDFD5154}.Debug|Any CPU.ActiveCfg = Debug|Any CPU
		{B19D4307-616E-4BEC-8FF4-9CFFFDFD5154}.Debug|Any CPU.Build.0 = Debug|Any CPU
		{B19D4307-616E-4BEC-8FF4-9CFFFDFD5154}.Release|Any CPU.ActiveCfg = Release|Any CPU
		{B19D4307-616E-4BEC-8FF4-9CFFFDFD5154}.Release|Any CPU.Build.0 = Release|Any CPU
		{D134F888-0C2E-4598-8134-6FB6F2BCF8E2}.Debug|Any CPU.ActiveCfg = Debug|Any CPU
		{D134F888-0C2E-4598-8134-6FB6F2BCF8E2}.Debug|Any CPU.Build.0 = Debug|Any CPU
		{D134F888-0C2E-4598-8134-6FB6F2BCF8E2}.Release|Any CPU.ActiveCfg = Release|Any CPU
		{D134F888-0C2E-4598-8134-6FB6F2BCF8E2}.Release|Any CPU.Build.0 = Release|Any CPU
		{C802CBC1-8ABE-4CE3-BEA7-884922E4D53F}.Debug|Any CPU.ActiveCfg = Debug|Any CPU
		{C802CBC1-8ABE-4CE3-BEA7-884922E4D53F}.Debug|Any CPU.Build.0 = Debug|Any CPU
		{C802CBC1-8ABE-4CE3-BEA7-884922E4D53F}.Release|Any CPU.ActiveCfg = Release|Any CPU
		{C802CBC1-8ABE-4CE3-BEA7-884922E4D53F}.Release|Any CPU.Build.0 = Release|Any CPU
		{79126810-3B9B-44E2-A900-CF2C97FF64E9}.Debug|Any CPU.ActiveCfg = Debug|Any CPU
		{79126810-3B9B-44E2-A900-CF2C97FF64E9}.Debug|Any CPU.Build.0 = Debug|Any CPU
		{79126810-3B9B-44E2-A900-CF2C97FF64E9}.Release|Any CPU.ActiveCfg = Release|Any CPU
		{79126810-3B9B-44E2-A900-CF2C97FF64E9}.Release|Any CPU.Build.0 = Release|Any CPU
		{22CCFED1-1B2B-4BE2-BACF-C3304E7BEE5D}.Debug|Any CPU.ActiveCfg = Debug|Any CPU
		{22CCFED1-1B2B-4BE2-BACF-C3304E7BEE5D}.Debug|Any CPU.Build.0 = Debug|Any CPU
		{22CCFED1-1B2B-4BE2-BACF-C3304E7BEE5D}.Release|Any CPU.ActiveCfg = Release|Any CPU
		{22CCFED1-1B2B-4BE2-BACF-C3304E7BEE5D}.Release|Any CPU.Build.0 = Release|Any CPU
		{43F7B36B-644F-459C-B337-F08D69A88E26}.Debug|Any CPU.ActiveCfg = Debug|Any CPU
		{43F7B36B-644F-459C-B337-F08D69A88E26}.Debug|Any CPU.Build.0 = Debug|Any CPU
		{43F7B36B-644F-459C-B337-F08D69A88E26}.Release|Any CPU.ActiveCfg = Release|Any CPU
		{43F7B36B-644F-459C-B337-F08D69A88E26}.Release|Any CPU.Build.0 = Release|Any CPU
		{C8029738-FE63-428E-A7EF-EC7F9C7AA503}.Debug|Any CPU.ActiveCfg = Debug|Any CPU
		{C8029738-FE63-428E-A7EF-EC7F9C7AA503}.Debug|Any CPU.Build.0 = Debug|Any CPU
		{C8029738-FE63-428E-A7EF-EC7F9C7AA503}.Release|Any CPU.ActiveCfg = Release|Any CPU
		{C8029738-FE63-428E-A7EF-EC7F9C7AA503}.Release|Any CPU.Build.0 = Release|Any CPU
		{58712DA4-E58B-4637-AFAC-6E3B5C494564}.Debug|Any CPU.ActiveCfg = Debug|Any CPU
		{58712DA4-E58B-4637-AFAC-6E3B5C494564}.Debug|Any CPU.Build.0 = Debug|Any CPU
		{58712DA4-E58B-4637-AFAC-6E3B5C494564}.Release|Any CPU.ActiveCfg = Release|Any CPU
		{58712DA4-E58B-4637-AFAC-6E3B5C494564}.Release|Any CPU.Build.0 = Release|Any CPU
		{0FEBD572-7E99-45D8-BBFA-AF8F6C7B3846}.Debug|Any CPU.ActiveCfg = Debug|Any CPU
		{0FEBD572-7E99-45D8-BBFA-AF8F6C7B3846}.Debug|Any CPU.Build.0 = Debug|Any CPU
		{0FEBD572-7E99-45D8-BBFA-AF8F6C7B3846}.Release|Any CPU.ActiveCfg = Release|Any CPU
		{0FEBD572-7E99-45D8-BBFA-AF8F6C7B3846}.Release|Any CPU.Build.0 = Release|Any CPU
		{0C172892-1033-4744-A0C1-16B6DAE3C4A8}.Debug|Any CPU.ActiveCfg = Debug|Any CPU
		{0C172892-1033-4744-A0C1-16B6DAE3C4A8}.Debug|Any CPU.Build.0 = Debug|Any CPU
		{0C172892-1033-4744-A0C1-16B6DAE3C4A8}.Release|Any CPU.ActiveCfg = Release|Any CPU
		{0C172892-1033-4744-A0C1-16B6DAE3C4A8}.Release|Any CPU.Build.0 = Release|Any CPU
		{01C067C0-73F6-4AD5-A2E4-BCFFC4E4341A}.Debug|Any CPU.ActiveCfg = Debug|Any CPU
		{01C067C0-73F6-4AD5-A2E4-BCFFC4E4341A}.Debug|Any CPU.Build.0 = Debug|Any CPU
		{01C067C0-73F6-4AD5-A2E4-BCFFC4E4341A}.Release|Any CPU.ActiveCfg = Release|Any CPU
		{01C067C0-73F6-4AD5-A2E4-BCFFC4E4341A}.Release|Any CPU.Build.0 = Release|Any CPU
		{C27E3F68-17E0-458B-8B07-75C383F823D7}.Debug|Any CPU.ActiveCfg = Debug|Any CPU
		{C27E3F68-17E0-458B-8B07-75C383F823D7}.Debug|Any CPU.Build.0 = Debug|Any CPU
		{C27E3F68-17E0-458B-8B07-75C383F823D7}.Release|Any CPU.ActiveCfg = Release|Any CPU
		{C27E3F68-17E0-458B-8B07-75C383F823D7}.Release|Any CPU.Build.0 = Release|Any CPU
		{7BF8B22D-24E6-4543-848F-ACBC6FB07BC7}.Debug|Any CPU.ActiveCfg = Debug|Any CPU
		{7BF8B22D-24E6-4543-848F-ACBC6FB07BC7}.Debug|Any CPU.Build.0 = Debug|Any CPU
		{7BF8B22D-24E6-4543-848F-ACBC6FB07BC7}.Release|Any CPU.ActiveCfg = Release|Any CPU
		{7BF8B22D-24E6-4543-848F-ACBC6FB07BC7}.Release|Any CPU.Build.0 = Release|Any CPU
		{5D868B30-0A3F-441D-8AE4-8253A8AB839C}.Debug|Any CPU.ActiveCfg = Debug|Any CPU
		{5D868B30-0A3F-441D-8AE4-8253A8AB839C}.Debug|Any CPU.Build.0 = Debug|Any CPU
		{5D868B30-0A3F-441D-8AE4-8253A8AB839C}.Release|Any CPU.ActiveCfg = Release|Any CPU
		{5D868B30-0A3F-441D-8AE4-8253A8AB839C}.Release|Any CPU.Build.0 = Release|Any CPU
		{9CF05EF6-3C28-4E0B-86F9-CAFC862AAC5B}.Debug|Any CPU.ActiveCfg = Debug|Any CPU
		{9CF05EF6-3C28-4E0B-86F9-CAFC862AAC5B}.Debug|Any CPU.Build.0 = Debug|Any CPU
		{9CF05EF6-3C28-4E0B-86F9-CAFC862AAC5B}.Release|Any CPU.ActiveCfg = Release|Any CPU
		{9CF05EF6-3C28-4E0B-86F9-CAFC862AAC5B}.Release|Any CPU.Build.0 = Release|Any CPU
		{8F530756-3140-4A2A-B677-D223A5B7B159}.Debug|Any CPU.ActiveCfg = Debug|Any CPU
		{8F530756-3140-4A2A-B677-D223A5B7B159}.Debug|Any CPU.Build.0 = Debug|Any CPU
		{8F530756-3140-4A2A-B677-D223A5B7B159}.Release|Any CPU.ActiveCfg = Release|Any CPU
		{8F530756-3140-4A2A-B677-D223A5B7B159}.Release|Any CPU.Build.0 = Release|Any CPU
		{FD52C6DA-3C94-46D9-8F72-2E4F92FE7853}.Debug|Any CPU.ActiveCfg = Debug|Any CPU
		{FD52C6DA-3C94-46D9-8F72-2E4F92FE7853}.Debug|Any CPU.Build.0 = Debug|Any CPU
		{FD52C6DA-3C94-46D9-8F72-2E4F92FE7853}.Release|Any CPU.ActiveCfg = Release|Any CPU
		{FD52C6DA-3C94-46D9-8F72-2E4F92FE7853}.Release|Any CPU.Build.0 = Release|Any CPU
		{D2929C15-E204-4D7B-8AE0-8CF6BEFC83E4}.Debug|Any CPU.ActiveCfg = Debug|Any CPU
		{D2929C15-E204-4D7B-8AE0-8CF6BEFC83E4}.Debug|Any CPU.Build.0 = Debug|Any CPU
		{D2929C15-E204-4D7B-8AE0-8CF6BEFC83E4}.Release|Any CPU.ActiveCfg = Release|Any CPU
		{D2929C15-E204-4D7B-8AE0-8CF6BEFC83E4}.Release|Any CPU.Build.0 = Release|Any CPU
		{B59AB57D-0092-46D9-930B-9F3AF04CCB79}.Debug|Any CPU.ActiveCfg = Debug|Any CPU
		{B59AB57D-0092-46D9-930B-9F3AF04CCB79}.Debug|Any CPU.Build.0 = Debug|Any CPU
		{B59AB57D-0092-46D9-930B-9F3AF04CCB79}.Release|Any CPU.ActiveCfg = Release|Any CPU
		{B59AB57D-0092-46D9-930B-9F3AF04CCB79}.Release|Any CPU.Build.0 = Release|Any CPU
		{8758665A-45BC-4421-AF5C-FC8A7DF37603}.Debug|Any CPU.ActiveCfg = Debug|Any CPU
		{8758665A-45BC-4421-AF5C-FC8A7DF37603}.Debug|Any CPU.Build.0 = Debug|Any CPU
		{8758665A-45BC-4421-AF5C-FC8A7DF37603}.Release|Any CPU.ActiveCfg = Release|Any CPU
		{8758665A-45BC-4421-AF5C-FC8A7DF37603}.Release|Any CPU.Build.0 = Release|Any CPU
		{62CB3904-BB0C-48DD-BD12-B1275412D5B3}.Debug|Any CPU.ActiveCfg = Debug|Any CPU
		{62CB3904-BB0C-48DD-BD12-B1275412D5B3}.Debug|Any CPU.Build.0 = Debug|Any CPU
		{62CB3904-BB0C-48DD-BD12-B1275412D5B3}.Release|Any CPU.ActiveCfg = Release|Any CPU
		{62CB3904-BB0C-48DD-BD12-B1275412D5B3}.Release|Any CPU.Build.0 = Release|Any CPU
		{213B33CE-70F6-41B3-AFB0-6ED93E4AFC48}.Debug|Any CPU.ActiveCfg = Debug|Any CPU
		{213B33CE-70F6-41B3-AFB0-6ED93E4AFC48}.Debug|Any CPU.Build.0 = Debug|Any CPU
		{213B33CE-70F6-41B3-AFB0-6ED93E4AFC48}.Release|Any CPU.ActiveCfg = Release|Any CPU
		{213B33CE-70F6-41B3-AFB0-6ED93E4AFC48}.Release|Any CPU.Build.0 = Release|Any CPU
		{1A5111D5-ECAD-4418-A0A4-F5470D91BC3C}.Debug|Any CPU.ActiveCfg = Debug|Any CPU
		{1A5111D5-ECAD-4418-A0A4-F5470D91BC3C}.Debug|Any CPU.Build.0 = Debug|Any CPU
		{1A5111D5-ECAD-4418-A0A4-F5470D91BC3C}.Release|Any CPU.ActiveCfg = Release|Any CPU
		{1A5111D5-ECAD-4418-A0A4-F5470D91BC3C}.Release|Any CPU.Build.0 = Release|Any CPU
		{652558E7-9EEE-4EF9-AEFB-3FE816968FE5}.Debug|Any CPU.ActiveCfg = Debug|Any CPU
		{652558E7-9EEE-4EF9-AEFB-3FE816968FE5}.Debug|Any CPU.Build.0 = Debug|Any CPU
		{652558E7-9EEE-4EF9-AEFB-3FE816968FE5}.Release|Any CPU.ActiveCfg = Release|Any CPU
		{652558E7-9EEE-4EF9-AEFB-3FE816968FE5}.Release|Any CPU.Build.0 = Release|Any CPU
	EndGlobalSection
	GlobalSection(SolutionProperties) = preSolution
		HideSolutionNode = FALSE
	EndGlobalSection
	GlobalSection(NestedProjects) = preSolution
		{1F946CB8-A6E1-4079-81D0-557FD4D762C4} = {9F9F09B5-8A71-4893-B1AF-820A1F428559}
		{FFDE22D5-286A-41DF-9EAB-48A54FF98B6A} = {9F9F09B5-8A71-4893-B1AF-820A1F428559}
		{00D2798F-EE1A-42E8-84A1-6FCF90B9680B} = {9F9F09B5-8A71-4893-B1AF-820A1F428559}
		{86A3F220-210F-47BB-9D05-05FA03A019B1} = {9F9F09B5-8A71-4893-B1AF-820A1F428559}
		{FC93C021-90F2-47A4-849C-575C0BCF04BB} = {9F9F09B5-8A71-4893-B1AF-820A1F428559}
		{91F5DF04-4CA6-4465-8E23-B26E89BECAC3} = {9F9F09B5-8A71-4893-B1AF-820A1F428559}
		{AF4D6B22-C31F-4145-9BC2-5F5CAF6927DB} = {9F9F09B5-8A71-4893-B1AF-820A1F428559}
		{06EAF5D0-9C5E-4368-9DC7-48F4C96774B6} = {9F9F09B5-8A71-4893-B1AF-820A1F428559}
		{BA92657A-6304-431A-B9CE-3E330519BF44} = {9F9F09B5-8A71-4893-B1AF-820A1F428559}
		{F7B13D44-20EC-41CF-9478-E0C4CF86BCD5} = {4C937E3C-6D08-453B-A2EF-5A9D53FE319C}
		{F08D1C7E-5595-4854-B81D-FB16BD640B6D} = {4C937E3C-6D08-453B-A2EF-5A9D53FE319C}
		{72567135-6751-4CCD-9458-13900C79A2E1} = {4C937E3C-6D08-453B-A2EF-5A9D53FE319C}
		{5C9A71F9-3B53-4B1C-ACE8-C01A8B3FF61C} = {4C937E3C-6D08-453B-A2EF-5A9D53FE319C}
		{3CBA9D07-2B93-4839-8CAE-67B31DDDAD7D} = {4C937E3C-6D08-453B-A2EF-5A9D53FE319C}
		{54A29D72-94C4-48D3-A5B1-7592FC1BE168} = {324AAFA4-E29E-40A5-A563-21EDDF6A0D5B}
		{D3B0A3C8-0A10-4B80-AF8D-ECC8E30F365E} = {324AAFA4-E29E-40A5-A563-21EDDF6A0D5B}
		{30CBD9D3-BAD0-4538-8EA6-8A5E90F2FE5A} = {324AAFA4-E29E-40A5-A563-21EDDF6A0D5B}
		{2CAC7F62-1DD5-4F3D-A7ED-4F0D3DEF3179} = {324AAFA4-E29E-40A5-A563-21EDDF6A0D5B}
		{CB444D50-46A2-481A-9A51-AFE19D4FFCBA} = {324AAFA4-E29E-40A5-A563-21EDDF6A0D5B}
		{79DB17AF-1DA5-4853-97C0-4722201BC152} = {324AAFA4-E29E-40A5-A563-21EDDF6A0D5B}
		{533FB2BA-9A9E-4CA6-B1E8-9F03F721341C} = {324AAFA4-E29E-40A5-A563-21EDDF6A0D5B}
		{0923F63E-7BA1-4A05-9D29-E230DB862492} = {324AAFA4-E29E-40A5-A563-21EDDF6A0D5B}
		{71246972-D75A-4460-9E25-70230315254F} = {324AAFA4-E29E-40A5-A563-21EDDF6A0D5B}
		{42C38E49-40F1-4E9E-A6EC-2E5022E76EFF} = {324AAFA4-E29E-40A5-A563-21EDDF6A0D5B}
		{C29E38EF-8915-4701-A455-FA08D7D7DAD1} = {324AAFA4-E29E-40A5-A563-21EDDF6A0D5B}
		{E4695666-F977-4415-9127-D37C10F09359} = {324AAFA4-E29E-40A5-A563-21EDDF6A0D5B}
		{35CAC85B-12FD-4D73-864A-EC49CB987176} = {324AAFA4-E29E-40A5-A563-21EDDF6A0D5B}
		{85BBB36A-6754-4AF0-941C-84F8173EE5D1} = {F4D92EFF-46E2-4590-8A7A-B0EF5B9B305B}
		{DA4B7BE1-64BB-41BE-BF8D-44E54386CD64} = {AC5252B0-7EF4-4B4E-BC25-6437E21AF316}
		{8FBA1A96-DA19-485B-820A-17FE1D79CAA1} = {AC5252B0-7EF4-4B4E-BC25-6437E21AF316}
		{D518A987-264A-4B20-95D1-0089BADF8D1B} = {AC5252B0-7EF4-4B4E-BC25-6437E21AF316}
		{C65D039B-63E5-4D6F-94E9-217055D306EA} = {AC5252B0-7EF4-4B4E-BC25-6437E21AF316}
		{7BCD5382-57BB-4693-A4A7-9C6309F70C95} = {AC5252B0-7EF4-4B4E-BC25-6437E21AF316}
		{DE94AE04-7202-4EC8-9CE7-5A8ACA96586B} = {AC5252B0-7EF4-4B4E-BC25-6437E21AF316}
		{B3E88F0B-EE30-4A71-8565-A20A5D01818C} = {AC5252B0-7EF4-4B4E-BC25-6437E21AF316}
		{410D1835-A723-42D2-AD63-01C0F7702972} = {AC5252B0-7EF4-4B4E-BC25-6437E21AF316}
		{B111CB10-49AC-42BC-840C-2EE2F176AFC2} = {AC5252B0-7EF4-4B4E-BC25-6437E21AF316}
		{F34E90C9-0873-4F15-B439-BE50ED6AD0D5} = {AC5252B0-7EF4-4B4E-BC25-6437E21AF316}
		{58DC6CB6-0328-4361-863D-C75DBDCCF3A3} = {AC5252B0-7EF4-4B4E-BC25-6437E21AF316}
		{3F6325F8-239F-4388-99A6-FE0D856094F8} = {AC5252B0-7EF4-4B4E-BC25-6437E21AF316}
		{F9E2A935-C618-4C4C-BFB7-8C2DB1122589} = {AC5252B0-7EF4-4B4E-BC25-6437E21AF316}
		{B9D89907-419B-4816-8F87-6FAC3BC97CC5} = {AC5252B0-7EF4-4B4E-BC25-6437E21AF316}
		{4EE01E2D-0DCC-4825-81C1-7077D358ED0D} = {AC5252B0-7EF4-4B4E-BC25-6437E21AF316}
		{80FDA2A0-C0BF-4582-BBAA-7B262520522E} = {AC5252B0-7EF4-4B4E-BC25-6437E21AF316}
		{BCADAE0E-A05F-4E59-B84F-8C2DCA120027} = {AC5252B0-7EF4-4B4E-BC25-6437E21AF316}
		{464E2745-B9D5-40B3-8FAC-D6D28F93453E} = {AC5252B0-7EF4-4B4E-BC25-6437E21AF316}
		{FF5ABACF-1D6A-4B85-8A89-2051DE6F23BA} = {AC5252B0-7EF4-4B4E-BC25-6437E21AF316}
		{5B612F52-9049-4955-8923-4FBABA67A996} = {AC5252B0-7EF4-4B4E-BC25-6437E21AF316}
		{2498050C-B9DB-4968-AB20-E4D1B4D0F83B} = {7B0543ED-4B0A-4808-96A6-9133FD810A9A}
		{50DA64A6-1460-4B16-9B00-485C626946DD} = {7B0543ED-4B0A-4808-96A6-9133FD810A9A}
		{391EED47-1A27-47B3-AE9E-86BE1C19344B} = {7B0543ED-4B0A-4808-96A6-9133FD810A9A}
		{ABB17A43-A92D-4C91-9E35-C49F3461C0D8} = {7B0543ED-4B0A-4808-96A6-9133FD810A9A}
		{959F8090-A57D-41FA-9E43-31DD5C7C3A59} = {7B0543ED-4B0A-4808-96A6-9133FD810A9A}
		{2AD0691E-77FB-462E-8D81-B075EE14167A} = {7B0543ED-4B0A-4808-96A6-9133FD810A9A}
		{6BCD775F-0391-4B33-AB3B-8D29568E93A0} = {7B0543ED-4B0A-4808-96A6-9133FD810A9A}
		{D3A3665F-720A-4D6D-B3C4-B7FD6786E905} = {7B0543ED-4B0A-4808-96A6-9133FD810A9A}
		{F21113D4-C437-4AB0-A37F-B4F3D7DFEA28} = {7B0543ED-4B0A-4808-96A6-9133FD810A9A}
		{40D2BE6B-8D0F-4E67-81B2-7B360DECCBD1} = {7B0543ED-4B0A-4808-96A6-9133FD810A9A}
		{09A4E619-56E9-495A-8601-A812885452AC} = {76835468-F61A-4A3F-81B6-B4913AE49934}
		{56EE2332-9A71-4DA6-B25B-DA8B98F2BE02} = {5CFF5269-3831-4ACD-AA6E-3B2C759399C0}
		{7CD0D164-DDF2-41E4-907E-333F1FDD5CB1} = {76835468-F61A-4A3F-81B6-B4913AE49934}
		{75BE0E01-01C2-4817-ABB9-DF538E89CEFD} = {76835468-F61A-4A3F-81B6-B4913AE49934}
		{C7417C95-4DFF-4C82-BC17-450F309E1E8B} = {76835468-F61A-4A3F-81B6-B4913AE49934}
		{93FC003F-97FD-400B-8E69-C9C9FBB05532} = {76835468-F61A-4A3F-81B6-B4913AE49934}
		{DE28EEED-257B-4382-AE5D-AA9FEC00B1F3} = {76835468-F61A-4A3F-81B6-B4913AE49934}
		{35FD6E81-5334-4400-9FCB-5C99DAD99AAD} = {76835468-F61A-4A3F-81B6-B4913AE49934}
		{917079F0-C908-4275-ADA8-7E3F15EF710B} = {76835468-F61A-4A3F-81B6-B4913AE49934}
		{CCD50D1D-2503-4095-8EB8-87872EBD8CE5} = {76835468-F61A-4A3F-81B6-B4913AE49934}
		{BB51F044-FA1C-429B-8834-6DFCB6036703} = {76835468-F61A-4A3F-81B6-B4913AE49934}
		{3A50554F-7AD0-4E81-B5B7-CB3D22D1548D} = {76835468-F61A-4A3F-81B6-B4913AE49934}
		{706CD44A-0E52-4F0B-8535-6E8F52DADC14} = {818B2547-D6B6-42F3-A22D-210B77395D9F}
		{693A1207-8B69-4AF8-A556-5EF6A775E3E2} = {818B2547-D6B6-42F3-A22D-210B77395D9F}
		{24E228CC-A091-4440-AC3A-FEFAEA997768} = {818B2547-D6B6-42F3-A22D-210B77395D9F}
		{C96BEEB8-90BA-400F-8087-A8575D331D6C} = {818B2547-D6B6-42F3-A22D-210B77395D9F}
		{33D21BD7-46E1-4435-997D-A578AFC84E46} = {818B2547-D6B6-42F3-A22D-210B77395D9F}
		{9325B793-1788-4C31-938A-09EBD9AEAC66} = {818B2547-D6B6-42F3-A22D-210B77395D9F}
		{4AAE0EDA-49FE-4BD9-8D09-3240DB76B088} = {818B2547-D6B6-42F3-A22D-210B77395D9F}
		{7F921AAB-1939-4C23-A0D7-04C904F678D6} = {818B2547-D6B6-42F3-A22D-210B77395D9F}
		{002E43FA-12D0-4141-AD8D-C7138FB46521} = {818B2547-D6B6-42F3-A22D-210B77395D9F}
		{C09D23E7-2A12-4343-8C20-7BFB1E2820EA} = {818B2547-D6B6-42F3-A22D-210B77395D9F}
		{A5D469DE-1AC0-4796-BD45-6E2F59099090} = {0302A809-3EFA-4806-975A-C6AE20E422C8}
		{F796A8EE-DFBC-40F3-A62E-2B1929FD11A6} = {0302A809-3EFA-4806-975A-C6AE20E422C8}
		{A461565A-22E6-4C66-87A6-5113EF4D7F73} = {0302A809-3EFA-4806-975A-C6AE20E422C8}
		{896D911B-D040-436A-B606-C342654F38D8} = {0302A809-3EFA-4806-975A-C6AE20E422C8}
		{9B1DCA6E-4410-4066-9398-145C40FD9779} = {0302A809-3EFA-4806-975A-C6AE20E422C8}
		{7C87FB80-A79F-4B2F-B6A5-7E891B8DE76E} = {0302A809-3EFA-4806-975A-C6AE20E422C8}
		{BF383564-BA31-4988-9436-E49BF8C80E10} = {0302A809-3EFA-4806-975A-C6AE20E422C8}
		{EDC23772-3F19-4013-83FA-C8196A277EDC} = {0302A809-3EFA-4806-975A-C6AE20E422C8}
		{714D8306-F58A-40BA-ABD1-6ED37B1D063D} = {063F6BA3-A41A-471E-B4DC-3A1D8F1AF7EA}
		{B19D4307-616E-4BEC-8FF4-9CFFFDFD5154} = {063F6BA3-A41A-471E-B4DC-3A1D8F1AF7EA}
		{D134F888-0C2E-4598-8134-6FB6F2BCF8E2} = {063F6BA3-A41A-471E-B4DC-3A1D8F1AF7EA}
		{C802CBC1-8ABE-4CE3-BEA7-884922E4D53F} = {063F6BA3-A41A-471E-B4DC-3A1D8F1AF7EA}
		{79126810-3B9B-44E2-A900-CF2C97FF64E9} = {063F6BA3-A41A-471E-B4DC-3A1D8F1AF7EA}
		{22CCFED1-1B2B-4BE2-BACF-C3304E7BEE5D} = {063F6BA3-A41A-471E-B4DC-3A1D8F1AF7EA}
		{43F7B36B-644F-459C-B337-F08D69A88E26} = {063F6BA3-A41A-471E-B4DC-3A1D8F1AF7EA}
		{C8029738-FE63-428E-A7EF-EC7F9C7AA503} = {063F6BA3-A41A-471E-B4DC-3A1D8F1AF7EA}
		{58712DA4-E58B-4637-AFAC-6E3B5C494564} = {063F6BA3-A41A-471E-B4DC-3A1D8F1AF7EA}
		{0FEBD572-7E99-45D8-BBFA-AF8F6C7B3846} = {063F6BA3-A41A-471E-B4DC-3A1D8F1AF7EA}
		{0C172892-1033-4744-A0C1-16B6DAE3C4A8} = {063F6BA3-A41A-471E-B4DC-3A1D8F1AF7EA}
		{01C067C0-73F6-4AD5-A2E4-BCFFC4E4341A} = {D85AF0E5-80D3-4C21-93B3-E28B3FB84887}
		{C27E3F68-17E0-458B-8B07-75C383F823D7} = {D85AF0E5-80D3-4C21-93B3-E28B3FB84887}
		{7BF8B22D-24E6-4543-848F-ACBC6FB07BC7} = {D85AF0E5-80D3-4C21-93B3-E28B3FB84887}
		{5D868B30-0A3F-441D-8AE4-8253A8AB839C} = {D85AF0E5-80D3-4C21-93B3-E28B3FB84887}
		{9CF05EF6-3C28-4E0B-86F9-CAFC862AAC5B} = {D85AF0E5-80D3-4C21-93B3-E28B3FB84887}
		{8F530756-3140-4A2A-B677-D223A5B7B159} = {D85AF0E5-80D3-4C21-93B3-E28B3FB84887}
		{FD52C6DA-3C94-46D9-8F72-2E4F92FE7853} = {D85AF0E5-80D3-4C21-93B3-E28B3FB84887}
		{D2929C15-E204-4D7B-8AE0-8CF6BEFC83E4} = {D85AF0E5-80D3-4C21-93B3-E28B3FB84887}
		{B59AB57D-0092-46D9-930B-9F3AF04CCB79} = {D85AF0E5-80D3-4C21-93B3-E28B3FB84887}
		{8758665A-45BC-4421-AF5C-FC8A7DF37603} = {D85AF0E5-80D3-4C21-93B3-E28B3FB84887}
		{62CB3904-BB0C-48DD-BD12-B1275412D5B3} = {D85AF0E5-80D3-4C21-93B3-E28B3FB84887}
		{213B33CE-70F6-41B3-AFB0-6ED93E4AFC48} = {D85AF0E5-80D3-4C21-93B3-E28B3FB84887}
		{1A5111D5-ECAD-4418-A0A4-F5470D91BC3C} = {D85AF0E5-80D3-4C21-93B3-E28B3FB84887}
		{652558E7-9EEE-4EF9-AEFB-3FE816968FE5} = {D85AF0E5-80D3-4C21-93B3-E28B3FB84887}
	EndGlobalSection
	GlobalSection(ExtensibilityGlobals) = postSolution
		SolutionGuid = {B7DDF654-35B5-4C1E-AF56-BD0A13287247}
	EndGlobalSection
EndGlobal
