
Microsoft Visual Studio Solution File, Format Version 12.00
# Visual Studio Version 17
VisualStudioVersion = 17.9.34902.65
MinimumVisualStudioVersion = 10.0.40219.1
Project("{9A19103F-16F7-4668-BE54-9A1E7A4F7556}") = "Task1", "ConsoleApp1\Task1.csproj", "{9AF83C32-704A-4DD3-8E9A-76DC1EE25D93}"
EndProject
Project("{2150E333-8FDC-42A3-9474-1A3956D46DE8}") = "Homework1", "Homework1", "{5CFF5269-3831-4ACD-AA6E-3B2C759399C0}"
EndProject
Project("{2150E333-8FDC-42A3-9474-1A3956D46DE8}") = "Homework2", "Homework2", "{9F9F09B5-8A71-4893-B1AF-820A1F428559}"
EndProject
Project("{FAE04EC0-301F-11D3-BF4B-00C04F79EFBC}") = "Task7", "Tak7\Task7.csproj", "{B9A381C1-5A9C-4B3E-9784-659FC660BB2A}"
EndProject
Project("{9A19103F-16F7-4668-BE54-9A1E7A4F7556}") = "Task8", "Task8\Task8.csproj", "{26F7B756-2310-4EC6-8A88-A44555AA2948}"
EndProject
Project("{9A19103F-16F7-4668-BE54-9A1E7A4F7556}") = "Task9", "Task9\Task9.csproj", "{A58CD643-9183-4644-B833-8F948BF9F207}"
EndProject
Project("{2150E333-8FDC-42A3-9474-1A3956D46DE8}") = "Homework3", "Homework3", "{4C937E3C-6D08-453B-A2EF-5A9D53FE319C}"
EndProject
Project("{9A19103F-16F7-4668-BE54-9A1E7A4F7556}") = "Task1", "Homework1\Task1\Task1.csproj", "{27CFB411-14AA-46C6-A186-47F11DFDF720}"
EndProject
Project("{9A19103F-16F7-4668-BE54-9A1E7A4F7556}") = "Task1.2", "Task1.2\Task1.2.csproj", "{63AEDF78-BE42-477D-909E-F1D7491EDFBE}"
EndProject
Project("{9A19103F-16F7-4668-BE54-9A1E7A4F7556}") = "Task1.1", "Task1.1\Task1.1.csproj", "{41308FB8-FAF9-48A6-9FA3-DB99B75B691F}"
EndProject
Project("{9A19103F-16F7-4668-BE54-9A1E7A4F7556}") = "Task1.4", "Task1.4\Task1.4.csproj", "{14D5CC82-7248-4F57-B999-F0808F8DE509}"
EndProject
Project("{9A19103F-16F7-4668-BE54-9A1E7A4F7556}") = "Task1.5", "Task1.5\Task1.5.csproj", "{4F94A813-5C9F-48BF-9D1B-0A0DBB4FBF2B}"
EndProject
Project("{2150E333-8FDC-42A3-9474-1A3956D46DE8}") = "Homework4", "Homework4", "{324AAFA4-E29E-40A5-A563-21EDDF6A0D5B}"
EndProject
Project("{9A19103F-16F7-4668-BE54-9A1E7A4F7556}") = "Task4.1", "Task4.1\Task4.1.csproj", "{3213D4E2-56C1-4CA5-86AA-F7CE0C45A4B0}"
EndProject
Project("{9A19103F-16F7-4668-BE54-9A1E7A4F7556}") = "Task4.2", "Task4.2\Task4.2.csproj", "{BF472324-28C4-40F1-9064-A985D2451315}"
EndProject
Project("{9A19103F-16F7-4668-BE54-9A1E7A4F7556}") = "Task4.3", "Task4.3\Task4.3.csproj", "{1072AABE-1B64-475D-8732-E1B3CA2F3DFD}"
EndProject
Project("{9A19103F-16F7-4668-BE54-9A1E7A4F7556}") = "Task4.4", "Task4.4\Task4.4.csproj", "{CE550D0B-4693-4FA3-BCFB-358E930373DC}"
EndProject
Project("{9A19103F-16F7-4668-BE54-9A1E7A4F7556}") = "Task4.5", "Task4.5\Task4.5.csproj", "{5BBFCA96-D268-4E65-AE2E-F89F41B072B6}"
EndProject
Project("{9A19103F-16F7-4668-BE54-9A1E7A4F7556}") = "Task4.6", "Task4.6\Task4.6.csproj", "{96ED09B2-E424-4A65-9B8C-E6FBB785519E}"
EndProject
Project("{9A19103F-16F7-4668-BE54-9A1E7A4F7556}") = "Task4.7", "Task4.7\Task4.7.csproj", "{091C20DA-DF9D-47E5-AB43-2DC7FB3C10F6}"
EndProject
Project("{9A19103F-16F7-4668-BE54-9A1E7A4F7556}") = "Task4.8", "Task4.8\Task4.8.csproj", "{9F74D737-DDA2-4F45-B5AA-09829ACF023F}"
EndProject
Project("{9A19103F-16F7-4668-BE54-9A1E7A4F7556}") = "Task4.9", "Task4.9\Task4.9.csproj", "{D59F3783-1D05-462D-9E68-1691C229824F}"
EndProject
Project("{9A19103F-16F7-4668-BE54-9A1E7A4F7556}") = "Tas4.10", "Tas4.10\Tas4.10.csproj", "{5023DAA3-C4BD-456B-BB4C-B3E9649ED948}"
EndProject
Project("{9A19103F-16F7-4668-BE54-9A1E7A4F7556}") = "Task4.11", "Task4.11\Task4.11.csproj", "{5DD96ACB-FE4E-46C3-87F0-C2FF31AA392C}"
EndProject
Project("{9A19103F-16F7-4668-BE54-9A1E7A4F7556}") = "Task4.12", "Task4.12\Task4.12.csproj", "{FCD4C18B-FC56-4808-B687-0FC786614A0D}"
EndProject
Project("{9A19103F-16F7-4668-BE54-9A1E7A4F7556}") = "Task4.13", "Task4.13\Task4.13.csproj", "{219FB89B-FF53-4CFA-9C20-A22727A68054}"
EndProject
Project("{2150E333-8FDC-42A3-9474-1A3956D46DE8}") = "Homework5", "Homework5", "{F4D92EFF-46E2-4590-8A7A-B0EF5B9B305B}"
EndProject
Project("{9A19103F-16F7-4668-BE54-9A1E7A4F7556}") = "Calculator", "Calculator\Calculator.csproj", "{ACBA1A61-A215-4FB0-8842-434414586E50}"
EndProject
Project("{2150E333-8FDC-42A3-9474-1A3956D46DE8}") = "Homework6", "Homework6", "{AC5252B0-7EF4-4B4E-BC25-6437E21AF316}"
EndProject
Project("{9A19103F-16F7-4668-BE54-9A1E7A4F7556}") = "Task6.1", "Task6.1\Task6.1.csproj", "{78E20110-0CB7-4982-9DC1-348C3A082891}"
EndProject
Project("{9A19103F-16F7-4668-BE54-9A1E7A4F7556}") = "Task6.2", "Task6.2\Task6.2.csproj", "{DCD266BC-49C2-4BF5-B7D1-BBC625C678B3}"
EndProject
Project("{9A19103F-16F7-4668-BE54-9A1E7A4F7556}") = "Task6.3", "Task6.3\Task6.3.csproj", "{8A61D7D1-18D4-4675-81D7-667ED2FB9036}"
EndProject
Project("{9A19103F-16F7-4668-BE54-9A1E7A4F7556}") = "Task6.4", "Task6.4\Task6.4.csproj", "{7772AA1B-4CD7-46BB-9742-651D1D232785}"
EndProject
Project("{9A19103F-16F7-4668-BE54-9A1E7A4F7556}") = "Task6.5", "Task6.5\Task6.5.csproj", "{BADD1723-6EAD-4C1F-8D3E-64F90B5362FC}"
EndProject
Project("{9A19103F-16F7-4668-BE54-9A1E7A4F7556}") = "Task6.6", "Task6.6\Task6.6.csproj", "{3A3052FC-03D1-4DD0-A427-2872E3037AB1}"
EndProject
Project("{9A19103F-16F7-4668-BE54-9A1E7A4F7556}") = "Task6.7", "Task6.7\Task6.7.csproj", "{A20EF9FF-18F9-4383-91DD-EABBE3FAD25C}"
EndProject
Project("{9A19103F-16F7-4668-BE54-9A1E7A4F7556}") = "Task6.8", "Task6.8\Task6.8.csproj", "{0BAB934D-1F60-449F-BA58-D54DBB88917E}"
EndProject
Project("{9A19103F-16F7-4668-BE54-9A1E7A4F7556}") = "Task6.9", "Task6.9\Task6.9.csproj", "{7B6CC6A0-D18A-420E-9BA6-426790C7EC0B}"
EndProject
Project("{9A19103F-16F7-4668-BE54-9A1E7A4F7556}") = "Task6.10", "Task6.10\Task6.10.csproj", "{BF634490-02CD-4C9F-A20C-6742058C98FE}"
EndProject
Project("{9A19103F-16F7-4668-BE54-9A1E7A4F7556}") = "Task6.11", "Task6.11\Task6.11.csproj", "{E261F688-B4CA-4A34-8E8B-C93D0873E117}"
EndProject
Project("{9A19103F-16F7-4668-BE54-9A1E7A4F7556}") = "Task6.12", "Task6.12\Task6.12.csproj", "{344F5D9D-EAEA-41D0-8A4D-DE3BD93BEC48}"
EndProject
Project("{9A19103F-16F7-4668-BE54-9A1E7A4F7556}") = "Task6.13", "Task6.13\Task6.13.csproj", "{C120E3DD-BD87-4483-9882-2955BE6C953C}"
EndProject
Project("{9A19103F-16F7-4668-BE54-9A1E7A4F7556}") = "Task6.14", "Task6.14\Task6.14.csproj", "{5CAFF18F-47E1-460A-B48D-344E3A439667}"
EndProject
Project("{9A19103F-16F7-4668-BE54-9A1E7A4F7556}") = "Task6.15", "Task6.15\Task6.15.csproj", "{62C7ECEE-497A-44CA-B453-928704C61385}"
EndProject
Project("{9A19103F-16F7-4668-BE54-9A1E7A4F7556}") = "Task6.16", "Task6.16\Task6.16.csproj", "{98CFCD3B-7FDE-4723-B0F7-0CC30A452C7C}"
EndProject
Project("{9A19103F-16F7-4668-BE54-9A1E7A4F7556}") = "Task6.17", "Task6.17\Task6.17.csproj", "{1B1B1E2E-E361-4C14-990C-CCDDC4D65FE9}"
EndProject
Project("{9A19103F-16F7-4668-BE54-9A1E7A4F7556}") = "Task6.18", "Task6.18\Task6.18.csproj", "{5E06253C-3E55-4218-9F7C-DEA067A8670B}"
EndProject
Project("{9A19103F-16F7-4668-BE54-9A1E7A4F7556}") = "Task6.19", "Task6.19\Task6.19.csproj", "{E658D036-1C15-4108-94A5-E6F43E9B4AD1}"
EndProject
Project("{9A19103F-16F7-4668-BE54-9A1E7A4F7556}") = "Task6.20", "Task6.20\Task6.20.csproj", "{B85A1C53-70D1-4C2F-A4E2-485A91362147}"
EndProject
Project("{2150E333-8FDC-42A3-9474-1A3956D46DE8}") = "Homework7", "Homework7", "{7B0543ED-4B0A-4808-96A6-9133FD810A9A}"
EndProject
Project("{9A19103F-16F7-4668-BE54-9A1E7A4F7556}") = "Task7.1", "Task7.1\Task7.1.csproj", "{6231590E-8135-497F-B340-D5261D27E123}"
EndProject
Project("{9A19103F-16F7-4668-BE54-9A1E7A4F7556}") = "Task7.2", "Task7.2\Task7.2.csproj", "{A4A2F853-7E67-4233-B80C-FA31592BDB1F}"
EndProject
Project("{9A19103F-16F7-4668-BE54-9A1E7A4F7556}") = "Task7.3", "Task7.3\Task7.3.csproj", "{9F6FC537-24AF-48F9-B859-5F4FC4CDFAF7}"
EndProject
Project("{9A19103F-16F7-4668-BE54-9A1E7A4F7556}") = "Task7.4", "Task7.4\Task7.4.csproj", "{A29C133B-58E3-4D2E-92FF-5D656CB45B7A}"
EndProject
Project("{9A19103F-16F7-4668-BE54-9A1E7A4F7556}") = "Task7.5", "Task7.5\Task7.5.csproj", "{DC09F9EC-80BB-44DC-97B0-364D69EC8491}"
EndProject
Project("{9A19103F-16F7-4668-BE54-9A1E7A4F7556}") = "Task7.6", "Task7.6\Task7.6.csproj", "{62C791F6-D489-4FD9-81CD-6A4039292659}"
EndProject
Project("{9A19103F-16F7-4668-BE54-9A1E7A4F7556}") = "Task7.7", "Task7.7\Task7.7.csproj", "{51284B22-BA40-4CDA-AE7A-E9DDFC3E71CB}"
EndProject
Project("{9A19103F-16F7-4668-BE54-9A1E7A4F7556}") = "Task7.8", "Task7.8\Task7.8.csproj", "{A7F8FFB8-862B-4D75-B78E-D343D7E18FCC}"
EndProject
Project("{9A19103F-16F7-4668-BE54-9A1E7A4F7556}") = "Tak7.9", "Tak7.9\Tak7.9.csproj", "{D410B5F1-8016-4D94-BDB5-D99556085A5B}"
EndProject
Project("{9A19103F-16F7-4668-BE54-9A1E7A4F7556}") = "Task7.9", "Task7.9\Task7.9.csproj", "{282606BF-2557-4BA9-AC3C-1A9E3CAE8399}"
EndProject
Project("{2150E333-8FDC-42A3-9474-1A3956D46DE8}") = "Homework8", "Homework8", "{76835468-F61A-4A3F-81B6-B4913AE49934}"
EndProject
Project("{9A19103F-16F7-4668-BE54-9A1E7A4F7556}") = "Task8.1", "Task8.1\Task8.1.csproj", "{96B13A09-2FF6-4A86-9646-FB623B4387E8}"
EndProject
Project("{9A19103F-16F7-4668-BE54-9A1E7A4F7556}") = "tttt", "Homework1\tttt\tttt.csproj", "{CE34070E-E8CA-48CD-8003-BFFF23EC60D7}"
EndProject
Project("{9A19103F-16F7-4668-BE54-9A1E7A4F7556}") = "Task2", "Homework2\Task2\Task2.csproj", "{1F946CB8-A6E1-4079-81D0-557FD4D762C4}"
EndProject
Project("{9A19103F-16F7-4668-BE54-9A1E7A4F7556}") = "Task3", "Homework2\Task3\Task3.csproj", "{FFDE22D5-286A-41DF-9EAB-48A54FF98B6A}"
EndProject
Project("{9A19103F-16F7-4668-BE54-9A1E7A4F7556}") = "Task4", "Homework2\Task4\Task4.csproj", "{00D2798F-EE1A-42E8-84A1-6FCF90B9680B}"
EndProject
Project("{9A19103F-16F7-4668-BE54-9A1E7A4F7556}") = "Task5", "Homework2\Task5\Task5.csproj", "{86A3F220-210F-47BB-9D05-05FA03A019B1}"
EndProject
Project("{9A19103F-16F7-4668-BE54-9A1E7A4F7556}") = "Task6", "Homework2\Task6\Task6.csproj", "{FC93C021-90F2-47A4-849C-575C0BCF04BB}"
EndProject
Global
	GlobalSection(SolutionConfigurationPlatforms) = preSolution
		Debug|Any CPU = Debug|Any CPU
		Release|Any CPU = Release|Any CPU
	EndGlobalSection
	GlobalSection(ProjectConfigurationPlatforms) = postSolution
		{9AF83C32-704A-4DD3-8E9A-76DC1EE25D93}.Debug|Any CPU.ActiveCfg = Debug|Any CPU
		{9AF83C32-704A-4DD3-8E9A-76DC1EE25D93}.Debug|Any CPU.Build.0 = Debug|Any CPU
		{9AF83C32-704A-4DD3-8E9A-76DC1EE25D93}.Release|Any CPU.ActiveCfg = Release|Any CPU
		{9AF83C32-704A-4DD3-8E9A-76DC1EE25D93}.Release|Any CPU.Build.0 = Release|Any CPU
		{B9A381C1-5A9C-4B3E-9784-659FC660BB2A}.Debug|Any CPU.ActiveCfg = Debug|Any CPU
		{B9A381C1-5A9C-4B3E-9784-659FC660BB2A}.Debug|Any CPU.Build.0 = Debug|Any CPU
		{B9A381C1-5A9C-4B3E-9784-659FC660BB2A}.Release|Any CPU.ActiveCfg = Release|Any CPU
		{B9A381C1-5A9C-4B3E-9784-659FC660BB2A}.Release|Any CPU.Build.0 = Release|Any CPU
		{26F7B756-2310-4EC6-8A88-A44555AA2948}.Debug|Any CPU.ActiveCfg = Debug|Any CPU
		{26F7B756-2310-4EC6-8A88-A44555AA2948}.Debug|Any CPU.Build.0 = Debug|Any CPU
		{26F7B756-2310-4EC6-8A88-A44555AA2948}.Release|Any CPU.ActiveCfg = Release|Any CPU
		{26F7B756-2310-4EC6-8A88-A44555AA2948}.Release|Any CPU.Build.0 = Release|Any CPU
		{A58CD643-9183-4644-B833-8F948BF9F207}.Debug|Any CPU.ActiveCfg = Debug|Any CPU
		{A58CD643-9183-4644-B833-8F948BF9F207}.Debug|Any CPU.Build.0 = Debug|Any CPU
		{A58CD643-9183-4644-B833-8F948BF9F207}.Release|Any CPU.ActiveCfg = Release|Any CPU
		{A58CD643-9183-4644-B833-8F948BF9F207}.Release|Any CPU.Build.0 = Release|Any CPU
		{27CFB411-14AA-46C6-A186-47F11DFDF720}.Debug|Any CPU.ActiveCfg = Debug|Any CPU
		{27CFB411-14AA-46C6-A186-47F11DFDF720}.Debug|Any CPU.Build.0 = Debug|Any CPU
		{27CFB411-14AA-46C6-A186-47F11DFDF720}.Release|Any CPU.ActiveCfg = Release|Any CPU
		{27CFB411-14AA-46C6-A186-47F11DFDF720}.Release|Any CPU.Build.0 = Release|Any CPU
		{63AEDF78-BE42-477D-909E-F1D7491EDFBE}.Debug|Any CPU.ActiveCfg = Debug|Any CPU
		{63AEDF78-BE42-477D-909E-F1D7491EDFBE}.Debug|Any CPU.Build.0 = Debug|Any CPU
		{63AEDF78-BE42-477D-909E-F1D7491EDFBE}.Release|Any CPU.ActiveCfg = Release|Any CPU
		{63AEDF78-BE42-477D-909E-F1D7491EDFBE}.Release|Any CPU.Build.0 = Release|Any CPU
		{41308FB8-FAF9-48A6-9FA3-DB99B75B691F}.Debug|Any CPU.ActiveCfg = Debug|Any CPU
		{41308FB8-FAF9-48A6-9FA3-DB99B75B691F}.Debug|Any CPU.Build.0 = Debug|Any CPU
		{41308FB8-FAF9-48A6-9FA3-DB99B75B691F}.Release|Any CPU.ActiveCfg = Release|Any CPU
		{41308FB8-FAF9-48A6-9FA3-DB99B75B691F}.Release|Any CPU.Build.0 = Release|Any CPU
		{14D5CC82-7248-4F57-B999-F0808F8DE509}.Debug|Any CPU.ActiveCfg = Debug|Any CPU
		{14D5CC82-7248-4F57-B999-F0808F8DE509}.Debug|Any CPU.Build.0 = Debug|Any CPU
		{14D5CC82-7248-4F57-B999-F0808F8DE509}.Release|Any CPU.ActiveCfg = Release|Any CPU
		{14D5CC82-7248-4F57-B999-F0808F8DE509}.Release|Any CPU.Build.0 = Release|Any CPU
		{4F94A813-5C9F-48BF-9D1B-0A0DBB4FBF2B}.Debug|Any CPU.ActiveCfg = Debug|Any CPU
		{4F94A813-5C9F-48BF-9D1B-0A0DBB4FBF2B}.Debug|Any CPU.Build.0 = Debug|Any CPU
		{4F94A813-5C9F-48BF-9D1B-0A0DBB4FBF2B}.Release|Any CPU.ActiveCfg = Release|Any CPU
		{4F94A813-5C9F-48BF-9D1B-0A0DBB4FBF2B}.Release|Any CPU.Build.0 = Release|Any CPU
		{3213D4E2-56C1-4CA5-86AA-F7CE0C45A4B0}.Debug|Any CPU.ActiveCfg = Debug|Any CPU
		{3213D4E2-56C1-4CA5-86AA-F7CE0C45A4B0}.Debug|Any CPU.Build.0 = Debug|Any CPU
		{3213D4E2-56C1-4CA5-86AA-F7CE0C45A4B0}.Release|Any CPU.ActiveCfg = Release|Any CPU
		{3213D4E2-56C1-4CA5-86AA-F7CE0C45A4B0}.Release|Any CPU.Build.0 = Release|Any CPU
		{BF472324-28C4-40F1-9064-A985D2451315}.Debug|Any CPU.ActiveCfg = Debug|Any CPU
		{BF472324-28C4-40F1-9064-A985D2451315}.Debug|Any CPU.Build.0 = Debug|Any CPU
		{BF472324-28C4-40F1-9064-A985D2451315}.Release|Any CPU.ActiveCfg = Release|Any CPU
		{BF472324-28C4-40F1-9064-A985D2451315}.Release|Any CPU.Build.0 = Release|Any CPU
		{1072AABE-1B64-475D-8732-E1B3CA2F3DFD}.Debug|Any CPU.ActiveCfg = Debug|Any CPU
		{1072AABE-1B64-475D-8732-E1B3CA2F3DFD}.Debug|Any CPU.Build.0 = Debug|Any CPU
		{1072AABE-1B64-475D-8732-E1B3CA2F3DFD}.Release|Any CPU.ActiveCfg = Release|Any CPU
		{1072AABE-1B64-475D-8732-E1B3CA2F3DFD}.Release|Any CPU.Build.0 = Release|Any CPU
		{CE550D0B-4693-4FA3-BCFB-358E930373DC}.Debug|Any CPU.ActiveCfg = Debug|Any CPU
		{CE550D0B-4693-4FA3-BCFB-358E930373DC}.Debug|Any CPU.Build.0 = Debug|Any CPU
		{CE550D0B-4693-4FA3-BCFB-358E930373DC}.Release|Any CPU.ActiveCfg = Release|Any CPU
		{CE550D0B-4693-4FA3-BCFB-358E930373DC}.Release|Any CPU.Build.0 = Release|Any CPU
		{5BBFCA96-D268-4E65-AE2E-F89F41B072B6}.Debug|Any CPU.ActiveCfg = Debug|Any CPU
		{5BBFCA96-D268-4E65-AE2E-F89F41B072B6}.Debug|Any CPU.Build.0 = Debug|Any CPU
		{5BBFCA96-D268-4E65-AE2E-F89F41B072B6}.Release|Any CPU.ActiveCfg = Release|Any CPU
		{5BBFCA96-D268-4E65-AE2E-F89F41B072B6}.Release|Any CPU.Build.0 = Release|Any CPU
		{96ED09B2-E424-4A65-9B8C-E6FBB785519E}.Debug|Any CPU.ActiveCfg = Debug|Any CPU
		{96ED09B2-E424-4A65-9B8C-E6FBB785519E}.Debug|Any CPU.Build.0 = Debug|Any CPU
		{96ED09B2-E424-4A65-9B8C-E6FBB785519E}.Release|Any CPU.ActiveCfg = Release|Any CPU
		{96ED09B2-E424-4A65-9B8C-E6FBB785519E}.Release|Any CPU.Build.0 = Release|Any CPU
		{091C20DA-DF9D-47E5-AB43-2DC7FB3C10F6}.Debug|Any CPU.ActiveCfg = Debug|Any CPU
		{091C20DA-DF9D-47E5-AB43-2DC7FB3C10F6}.Debug|Any CPU.Build.0 = Debug|Any CPU
		{091C20DA-DF9D-47E5-AB43-2DC7FB3C10F6}.Release|Any CPU.ActiveCfg = Release|Any CPU
		{091C20DA-DF9D-47E5-AB43-2DC7FB3C10F6}.Release|Any CPU.Build.0 = Release|Any CPU
		{9F74D737-DDA2-4F45-B5AA-09829ACF023F}.Debug|Any CPU.ActiveCfg = Debug|Any CPU
		{9F74D737-DDA2-4F45-B5AA-09829ACF023F}.Debug|Any CPU.Build.0 = Debug|Any CPU
		{9F74D737-DDA2-4F45-B5AA-09829ACF023F}.Release|Any CPU.ActiveCfg = Release|Any CPU
		{9F74D737-DDA2-4F45-B5AA-09829ACF023F}.Release|Any CPU.Build.0 = Release|Any CPU
		{D59F3783-1D05-462D-9E68-1691C229824F}.Debug|Any CPU.ActiveCfg = Debug|Any CPU
		{D59F3783-1D05-462D-9E68-1691C229824F}.Debug|Any CPU.Build.0 = Debug|Any CPU
		{D59F3783-1D05-462D-9E68-1691C229824F}.Release|Any CPU.ActiveCfg = Release|Any CPU
		{D59F3783-1D05-462D-9E68-1691C229824F}.Release|Any CPU.Build.0 = Release|Any CPU
		{5023DAA3-C4BD-456B-BB4C-B3E9649ED948}.Debug|Any CPU.ActiveCfg = Debug|Any CPU
		{5023DAA3-C4BD-456B-BB4C-B3E9649ED948}.Debug|Any CPU.Build.0 = Debug|Any CPU
		{5023DAA3-C4BD-456B-BB4C-B3E9649ED948}.Release|Any CPU.ActiveCfg = Release|Any CPU
		{5023DAA3-C4BD-456B-BB4C-B3E9649ED948}.Release|Any CPU.Build.0 = Release|Any CPU
		{5DD96ACB-FE4E-46C3-87F0-C2FF31AA392C}.Debug|Any CPU.ActiveCfg = Debug|Any CPU
		{5DD96ACB-FE4E-46C3-87F0-C2FF31AA392C}.Debug|Any CPU.Build.0 = Debug|Any CPU
		{5DD96ACB-FE4E-46C3-87F0-C2FF31AA392C}.Release|Any CPU.ActiveCfg = Release|Any CPU
		{5DD96ACB-FE4E-46C3-87F0-C2FF31AA392C}.Release|Any CPU.Build.0 = Release|Any CPU
		{FCD4C18B-FC56-4808-B687-0FC786614A0D}.Debug|Any CPU.ActiveCfg = Debug|Any CPU
		{FCD4C18B-FC56-4808-B687-0FC786614A0D}.Debug|Any CPU.Build.0 = Debug|Any CPU
		{FCD4C18B-FC56-4808-B687-0FC786614A0D}.Release|Any CPU.ActiveCfg = Release|Any CPU
		{FCD4C18B-FC56-4808-B687-0FC786614A0D}.Release|Any CPU.Build.0 = Release|Any CPU
		{219FB89B-FF53-4CFA-9C20-A22727A68054}.Debug|Any CPU.ActiveCfg = Debug|Any CPU
		{219FB89B-FF53-4CFA-9C20-A22727A68054}.Debug|Any CPU.Build.0 = Debug|Any CPU
		{219FB89B-FF53-4CFA-9C20-A22727A68054}.Release|Any CPU.ActiveCfg = Release|Any CPU
		{219FB89B-FF53-4CFA-9C20-A22727A68054}.Release|Any CPU.Build.0 = Release|Any CPU
		{ACBA1A61-A215-4FB0-8842-434414586E50}.Debug|Any CPU.ActiveCfg = Debug|Any CPU
		{ACBA1A61-A215-4FB0-8842-434414586E50}.Debug|Any CPU.Build.0 = Debug|Any CPU
		{ACBA1A61-A215-4FB0-8842-434414586E50}.Release|Any CPU.ActiveCfg = Release|Any CPU
		{ACBA1A61-A215-4FB0-8842-434414586E50}.Release|Any CPU.Build.0 = Release|Any CPU
		{78E20110-0CB7-4982-9DC1-348C3A082891}.Debug|Any CPU.ActiveCfg = Debug|Any CPU
		{78E20110-0CB7-4982-9DC1-348C3A082891}.Debug|Any CPU.Build.0 = Debug|Any CPU
		{78E20110-0CB7-4982-9DC1-348C3A082891}.Release|Any CPU.ActiveCfg = Release|Any CPU
		{78E20110-0CB7-4982-9DC1-348C3A082891}.Release|Any CPU.Build.0 = Release|Any CPU
		{DCD266BC-49C2-4BF5-B7D1-BBC625C678B3}.Debug|Any CPU.ActiveCfg = Debug|Any CPU
		{DCD266BC-49C2-4BF5-B7D1-BBC625C678B3}.Debug|Any CPU.Build.0 = Debug|Any CPU
		{DCD266BC-49C2-4BF5-B7D1-BBC625C678B3}.Release|Any CPU.ActiveCfg = Release|Any CPU
		{DCD266BC-49C2-4BF5-B7D1-BBC625C678B3}.Release|Any CPU.Build.0 = Release|Any CPU
		{8A61D7D1-18D4-4675-81D7-667ED2FB9036}.Debug|Any CPU.ActiveCfg = Debug|Any CPU
		{8A61D7D1-18D4-4675-81D7-667ED2FB9036}.Debug|Any CPU.Build.0 = Debug|Any CPU
		{8A61D7D1-18D4-4675-81D7-667ED2FB9036}.Release|Any CPU.ActiveCfg = Release|Any CPU
		{8A61D7D1-18D4-4675-81D7-667ED2FB9036}.Release|Any CPU.Build.0 = Release|Any CPU
		{7772AA1B-4CD7-46BB-9742-651D1D232785}.Debug|Any CPU.ActiveCfg = Debug|Any CPU
		{7772AA1B-4CD7-46BB-9742-651D1D232785}.Debug|Any CPU.Build.0 = Debug|Any CPU
		{7772AA1B-4CD7-46BB-9742-651D1D232785}.Release|Any CPU.ActiveCfg = Release|Any CPU
		{7772AA1B-4CD7-46BB-9742-651D1D232785}.Release|Any CPU.Build.0 = Release|Any CPU
		{BADD1723-6EAD-4C1F-8D3E-64F90B5362FC}.Debug|Any CPU.ActiveCfg = Debug|Any CPU
		{BADD1723-6EAD-4C1F-8D3E-64F90B5362FC}.Debug|Any CPU.Build.0 = Debug|Any CPU
		{BADD1723-6EAD-4C1F-8D3E-64F90B5362FC}.Release|Any CPU.ActiveCfg = Release|Any CPU
		{BADD1723-6EAD-4C1F-8D3E-64F90B5362FC}.Release|Any CPU.Build.0 = Release|Any CPU
		{3A3052FC-03D1-4DD0-A427-2872E3037AB1}.Debug|Any CPU.ActiveCfg = Debug|Any CPU
		{3A3052FC-03D1-4DD0-A427-2872E3037AB1}.Debug|Any CPU.Build.0 = Debug|Any CPU
		{3A3052FC-03D1-4DD0-A427-2872E3037AB1}.Release|Any CPU.ActiveCfg = Release|Any CPU
		{3A3052FC-03D1-4DD0-A427-2872E3037AB1}.Release|Any CPU.Build.0 = Release|Any CPU
		{A20EF9FF-18F9-4383-91DD-EABBE3FAD25C}.Debug|Any CPU.ActiveCfg = Debug|Any CPU
		{A20EF9FF-18F9-4383-91DD-EABBE3FAD25C}.Debug|Any CPU.Build.0 = Debug|Any CPU
		{A20EF9FF-18F9-4383-91DD-EABBE3FAD25C}.Release|Any CPU.ActiveCfg = Release|Any CPU
		{A20EF9FF-18F9-4383-91DD-EABBE3FAD25C}.Release|Any CPU.Build.0 = Release|Any CPU
		{0BAB934D-1F60-449F-BA58-D54DBB88917E}.Debug|Any CPU.ActiveCfg = Debug|Any CPU
		{0BAB934D-1F60-449F-BA58-D54DBB88917E}.Debug|Any CPU.Build.0 = Debug|Any CPU
		{0BAB934D-1F60-449F-BA58-D54DBB88917E}.Release|Any CPU.ActiveCfg = Release|Any CPU
		{0BAB934D-1F60-449F-BA58-D54DBB88917E}.Release|Any CPU.Build.0 = Release|Any CPU
		{7B6CC6A0-D18A-420E-9BA6-426790C7EC0B}.Debug|Any CPU.ActiveCfg = Debug|Any CPU
		{7B6CC6A0-D18A-420E-9BA6-426790C7EC0B}.Debug|Any CPU.Build.0 = Debug|Any CPU
		{7B6CC6A0-D18A-420E-9BA6-426790C7EC0B}.Release|Any CPU.ActiveCfg = Release|Any CPU
		{7B6CC6A0-D18A-420E-9BA6-426790C7EC0B}.Release|Any CPU.Build.0 = Release|Any CPU
		{BF634490-02CD-4C9F-A20C-6742058C98FE}.Debug|Any CPU.ActiveCfg = Debug|Any CPU
		{BF634490-02CD-4C9F-A20C-6742058C98FE}.Debug|Any CPU.Build.0 = Debug|Any CPU
		{BF634490-02CD-4C9F-A20C-6742058C98FE}.Release|Any CPU.ActiveCfg = Release|Any CPU
		{BF634490-02CD-4C9F-A20C-6742058C98FE}.Release|Any CPU.Build.0 = Release|Any CPU
		{E261F688-B4CA-4A34-8E8B-C93D0873E117}.Debug|Any CPU.ActiveCfg = Debug|Any CPU
		{E261F688-B4CA-4A34-8E8B-C93D0873E117}.Debug|Any CPU.Build.0 = Debug|Any CPU
		{E261F688-B4CA-4A34-8E8B-C93D0873E117}.Release|Any CPU.ActiveCfg = Release|Any CPU
		{E261F688-B4CA-4A34-8E8B-C93D0873E117}.Release|Any CPU.Build.0 = Release|Any CPU
		{344F5D9D-EAEA-41D0-8A4D-DE3BD93BEC48}.Debug|Any CPU.ActiveCfg = Debug|Any CPU
		{344F5D9D-EAEA-41D0-8A4D-DE3BD93BEC48}.Debug|Any CPU.Build.0 = Debug|Any CPU
		{344F5D9D-EAEA-41D0-8A4D-DE3BD93BEC48}.Release|Any CPU.ActiveCfg = Release|Any CPU
		{344F5D9D-EAEA-41D0-8A4D-DE3BD93BEC48}.Release|Any CPU.Build.0 = Release|Any CPU
		{C120E3DD-BD87-4483-9882-2955BE6C953C}.Debug|Any CPU.ActiveCfg = Debug|Any CPU
		{C120E3DD-BD87-4483-9882-2955BE6C953C}.Debug|Any CPU.Build.0 = Debug|Any CPU
		{C120E3DD-BD87-4483-9882-2955BE6C953C}.Release|Any CPU.ActiveCfg = Release|Any CPU
		{C120E3DD-BD87-4483-9882-2955BE6C953C}.Release|Any CPU.Build.0 = Release|Any CPU
		{5CAFF18F-47E1-460A-B48D-344E3A439667}.Debug|Any CPU.ActiveCfg = Debug|Any CPU
		{5CAFF18F-47E1-460A-B48D-344E3A439667}.Debug|Any CPU.Build.0 = Debug|Any CPU
		{5CAFF18F-47E1-460A-B48D-344E3A439667}.Release|Any CPU.ActiveCfg = Release|Any CPU
		{5CAFF18F-47E1-460A-B48D-344E3A439667}.Release|Any CPU.Build.0 = Release|Any CPU
		{62C7ECEE-497A-44CA-B453-928704C61385}.Debug|Any CPU.ActiveCfg = Debug|Any CPU
		{62C7ECEE-497A-44CA-B453-928704C61385}.Debug|Any CPU.Build.0 = Debug|Any CPU
		{62C7ECEE-497A-44CA-B453-928704C61385}.Release|Any CPU.ActiveCfg = Release|Any CPU
		{62C7ECEE-497A-44CA-B453-928704C61385}.Release|Any CPU.Build.0 = Release|Any CPU
		{98CFCD3B-7FDE-4723-B0F7-0CC30A452C7C}.Debug|Any CPU.ActiveCfg = Debug|Any CPU
		{98CFCD3B-7FDE-4723-B0F7-0CC30A452C7C}.Debug|Any CPU.Build.0 = Debug|Any CPU
		{98CFCD3B-7FDE-4723-B0F7-0CC30A452C7C}.Release|Any CPU.ActiveCfg = Release|Any CPU
		{98CFCD3B-7FDE-4723-B0F7-0CC30A452C7C}.Release|Any CPU.Build.0 = Release|Any CPU
		{1B1B1E2E-E361-4C14-990C-CCDDC4D65FE9}.Debug|Any CPU.ActiveCfg = Debug|Any CPU
		{1B1B1E2E-E361-4C14-990C-CCDDC4D65FE9}.Debug|Any CPU.Build.0 = Debug|Any CPU
		{1B1B1E2E-E361-4C14-990C-CCDDC4D65FE9}.Release|Any CPU.ActiveCfg = Release|Any CPU
		{1B1B1E2E-E361-4C14-990C-CCDDC4D65FE9}.Release|Any CPU.Build.0 = Release|Any CPU
		{5E06253C-3E55-4218-9F7C-DEA067A8670B}.Debug|Any CPU.ActiveCfg = Debug|Any CPU
		{5E06253C-3E55-4218-9F7C-DEA067A8670B}.Debug|Any CPU.Build.0 = Debug|Any CPU
		{5E06253C-3E55-4218-9F7C-DEA067A8670B}.Release|Any CPU.ActiveCfg = Release|Any CPU
		{5E06253C-3E55-4218-9F7C-DEA067A8670B}.Release|Any CPU.Build.0 = Release|Any CPU
		{E658D036-1C15-4108-94A5-E6F43E9B4AD1}.Debug|Any CPU.ActiveCfg = Debug|Any CPU
		{E658D036-1C15-4108-94A5-E6F43E9B4AD1}.Debug|Any CPU.Build.0 = Debug|Any CPU
		{E658D036-1C15-4108-94A5-E6F43E9B4AD1}.Release|Any CPU.ActiveCfg = Release|Any CPU
		{E658D036-1C15-4108-94A5-E6F43E9B4AD1}.Release|Any CPU.Build.0 = Release|Any CPU
		{B85A1C53-70D1-4C2F-A4E2-485A91362147}.Debug|Any CPU.ActiveCfg = Debug|Any CPU
		{B85A1C53-70D1-4C2F-A4E2-485A91362147}.Debug|Any CPU.Build.0 = Debug|Any CPU
		{B85A1C53-70D1-4C2F-A4E2-485A91362147}.Release|Any CPU.ActiveCfg = Release|Any CPU
		{B85A1C53-70D1-4C2F-A4E2-485A91362147}.Release|Any CPU.Build.0 = Release|Any CPU
		{6231590E-8135-497F-B340-D5261D27E123}.Debug|Any CPU.ActiveCfg = Debug|Any CPU
		{6231590E-8135-497F-B340-D5261D27E123}.Debug|Any CPU.Build.0 = Debug|Any CPU
		{6231590E-8135-497F-B340-D5261D27E123}.Release|Any CPU.ActiveCfg = Release|Any CPU
		{6231590E-8135-497F-B340-D5261D27E123}.Release|Any CPU.Build.0 = Release|Any CPU
		{A4A2F853-7E67-4233-B80C-FA31592BDB1F}.Debug|Any CPU.ActiveCfg = Debug|Any CPU
		{A4A2F853-7E67-4233-B80C-FA31592BDB1F}.Debug|Any CPU.Build.0 = Debug|Any CPU
		{A4A2F853-7E67-4233-B80C-FA31592BDB1F}.Release|Any CPU.ActiveCfg = Release|Any CPU
		{A4A2F853-7E67-4233-B80C-FA31592BDB1F}.Release|Any CPU.Build.0 = Release|Any CPU
		{9F6FC537-24AF-48F9-B859-5F4FC4CDFAF7}.Debug|Any CPU.ActiveCfg = Debug|Any CPU
		{9F6FC537-24AF-48F9-B859-5F4FC4CDFAF7}.Debug|Any CPU.Build.0 = Debug|Any CPU
		{9F6FC537-24AF-48F9-B859-5F4FC4CDFAF7}.Release|Any CPU.ActiveCfg = Release|Any CPU
		{9F6FC537-24AF-48F9-B859-5F4FC4CDFAF7}.Release|Any CPU.Build.0 = Release|Any CPU
		{A29C133B-58E3-4D2E-92FF-5D656CB45B7A}.Debug|Any CPU.ActiveCfg = Debug|Any CPU
		{A29C133B-58E3-4D2E-92FF-5D656CB45B7A}.Debug|Any CPU.Build.0 = Debug|Any CPU
		{A29C133B-58E3-4D2E-92FF-5D656CB45B7A}.Release|Any CPU.ActiveCfg = Release|Any CPU
		{A29C133B-58E3-4D2E-92FF-5D656CB45B7A}.Release|Any CPU.Build.0 = Release|Any CPU
		{DC09F9EC-80BB-44DC-97B0-364D69EC8491}.Debug|Any CPU.ActiveCfg = Debug|Any CPU
		{DC09F9EC-80BB-44DC-97B0-364D69EC8491}.Debug|Any CPU.Build.0 = Debug|Any CPU
		{DC09F9EC-80BB-44DC-97B0-364D69EC8491}.Release|Any CPU.ActiveCfg = Release|Any CPU
		{DC09F9EC-80BB-44DC-97B0-364D69EC8491}.Release|Any CPU.Build.0 = Release|Any CPU
		{62C791F6-D489-4FD9-81CD-6A4039292659}.Debug|Any CPU.ActiveCfg = Debug|Any CPU
		{62C791F6-D489-4FD9-81CD-6A4039292659}.Debug|Any CPU.Build.0 = Debug|Any CPU
		{62C791F6-D489-4FD9-81CD-6A4039292659}.Release|Any CPU.ActiveCfg = Release|Any CPU
		{62C791F6-D489-4FD9-81CD-6A4039292659}.Release|Any CPU.Build.0 = Release|Any CPU
		{51284B22-BA40-4CDA-AE7A-E9DDFC3E71CB}.Debug|Any CPU.ActiveCfg = Debug|Any CPU
		{51284B22-BA40-4CDA-AE7A-E9DDFC3E71CB}.Debug|Any CPU.Build.0 = Debug|Any CPU
		{51284B22-BA40-4CDA-AE7A-E9DDFC3E71CB}.Release|Any CPU.ActiveCfg = Release|Any CPU
		{51284B22-BA40-4CDA-AE7A-E9DDFC3E71CB}.Release|Any CPU.Build.0 = Release|Any CPU
		{A7F8FFB8-862B-4D75-B78E-D343D7E18FCC}.Debug|Any CPU.ActiveCfg = Debug|Any CPU
		{A7F8FFB8-862B-4D75-B78E-D343D7E18FCC}.Debug|Any CPU.Build.0 = Debug|Any CPU
		{A7F8FFB8-862B-4D75-B78E-D343D7E18FCC}.Release|Any CPU.ActiveCfg = Release|Any CPU
		{A7F8FFB8-862B-4D75-B78E-D343D7E18FCC}.Release|Any CPU.Build.0 = Release|Any CPU
		{D410B5F1-8016-4D94-BDB5-D99556085A5B}.Debug|Any CPU.ActiveCfg = Debug|Any CPU
		{D410B5F1-8016-4D94-BDB5-D99556085A5B}.Debug|Any CPU.Build.0 = Debug|Any CPU
		{D410B5F1-8016-4D94-BDB5-D99556085A5B}.Release|Any CPU.ActiveCfg = Release|Any CPU
		{D410B5F1-8016-4D94-BDB5-D99556085A5B}.Release|Any CPU.Build.0 = Release|Any CPU
		{282606BF-2557-4BA9-AC3C-1A9E3CAE8399}.Debug|Any CPU.ActiveCfg = Debug|Any CPU
		{282606BF-2557-4BA9-AC3C-1A9E3CAE8399}.Debug|Any CPU.Build.0 = Debug|Any CPU
		{282606BF-2557-4BA9-AC3C-1A9E3CAE8399}.Release|Any CPU.ActiveCfg = Release|Any CPU
		{282606BF-2557-4BA9-AC3C-1A9E3CAE8399}.Release|Any CPU.Build.0 = Release|Any CPU
		{96B13A09-2FF6-4A86-9646-FB623B4387E8}.Debug|Any CPU.ActiveCfg = Debug|Any CPU
		{96B13A09-2FF6-4A86-9646-FB623B4387E8}.Debug|Any CPU.Build.0 = Debug|Any CPU
		{96B13A09-2FF6-4A86-9646-FB623B4387E8}.Release|Any CPU.ActiveCfg = Release|Any CPU
		{96B13A09-2FF6-4A86-9646-FB623B4387E8}.Release|Any CPU.Build.0 = Release|Any CPU
		{CE34070E-E8CA-48CD-8003-BFFF23EC60D7}.Debug|Any CPU.ActiveCfg = Debug|Any CPU
		{CE34070E-E8CA-48CD-8003-BFFF23EC60D7}.Debug|Any CPU.Build.0 = Debug|Any CPU
		{CE34070E-E8CA-48CD-8003-BFFF23EC60D7}.Release|Any CPU.ActiveCfg = Release|Any CPU
		{CE34070E-E8CA-48CD-8003-BFFF23EC60D7}.Release|Any CPU.Build.0 = Release|Any CPU
		{1F946CB8-A6E1-4079-81D0-557FD4D762C4}.Debug|Any CPU.ActiveCfg = Debug|Any CPU
		{1F946CB8-A6E1-4079-81D0-557FD4D762C4}.Debug|Any CPU.Build.0 = Debug|Any CPU
		{1F946CB8-A6E1-4079-81D0-557FD4D762C4}.Release|Any CPU.ActiveCfg = Release|Any CPU
		{1F946CB8-A6E1-4079-81D0-557FD4D762C4}.Release|Any CPU.Build.0 = Release|Any CPU
		{FFDE22D5-286A-41DF-9EAB-48A54FF98B6A}.Debug|Any CPU.ActiveCfg = Debug|Any CPU
		{FFDE22D5-286A-41DF-9EAB-48A54FF98B6A}.Debug|Any CPU.Build.0 = Debug|Any CPU
		{FFDE22D5-286A-41DF-9EAB-48A54FF98B6A}.Release|Any CPU.ActiveCfg = Release|Any CPU
		{FFDE22D5-286A-41DF-9EAB-48A54FF98B6A}.Release|Any CPU.Build.0 = Release|Any CPU
		{00D2798F-EE1A-42E8-84A1-6FCF90B9680B}.Debug|Any CPU.ActiveCfg = Debug|Any CPU
		{00D2798F-EE1A-42E8-84A1-6FCF90B9680B}.Debug|Any CPU.Build.0 = Debug|Any CPU
		{00D2798F-EE1A-42E8-84A1-6FCF90B9680B}.Release|Any CPU.ActiveCfg = Release|Any CPU
		{00D2798F-EE1A-42E8-84A1-6FCF90B9680B}.Release|Any CPU.Build.0 = Release|Any CPU
		{86A3F220-210F-47BB-9D05-05FA03A019B1}.Debug|Any CPU.ActiveCfg = Debug|Any CPU
		{86A3F220-210F-47BB-9D05-05FA03A019B1}.Debug|Any CPU.Build.0 = Debug|Any CPU
		{86A3F220-210F-47BB-9D05-05FA03A019B1}.Release|Any CPU.ActiveCfg = Release|Any CPU
		{86A3F220-210F-47BB-9D05-05FA03A019B1}.Release|Any CPU.Build.0 = Release|Any CPU
		{FC93C021-90F2-47A4-849C-575C0BCF04BB}.Debug|Any CPU.ActiveCfg = Debug|Any CPU
		{FC93C021-90F2-47A4-849C-575C0BCF04BB}.Debug|Any CPU.Build.0 = Debug|Any CPU
		{FC93C021-90F2-47A4-849C-575C0BCF04BB}.Release|Any CPU.ActiveCfg = Release|Any CPU
		{FC93C021-90F2-47A4-849C-575C0BCF04BB}.Release|Any CPU.Build.0 = Release|Any CPU
	EndGlobalSection
	GlobalSection(SolutionProperties) = preSolution
		HideSolutionNode = FALSE
	EndGlobalSection
	GlobalSection(NestedProjects) = preSolution
		{9AF83C32-704A-4DD3-8E9A-76DC1EE25D93} = {5CFF5269-3831-4ACD-AA6E-3B2C759399C0}
		{B9A381C1-5A9C-4B3E-9784-659FC660BB2A} = {9F9F09B5-8A71-4893-B1AF-820A1F428559}
		{26F7B756-2310-4EC6-8A88-A44555AA2948} = {9F9F09B5-8A71-4893-B1AF-820A1F428559}
		{A58CD643-9183-4644-B833-8F948BF9F207} = {9F9F09B5-8A71-4893-B1AF-820A1F428559}
		{27CFB411-14AA-46C6-A186-47F11DFDF720} = {4C937E3C-6D08-453B-A2EF-5A9D53FE319C}
		{63AEDF78-BE42-477D-909E-F1D7491EDFBE} = {4C937E3C-6D08-453B-A2EF-5A9D53FE319C}
		{41308FB8-FAF9-48A6-9FA3-DB99B75B691F} = {4C937E3C-6D08-453B-A2EF-5A9D53FE319C}
		{14D5CC82-7248-4F57-B999-F0808F8DE509} = {4C937E3C-6D08-453B-A2EF-5A9D53FE319C}
		{4F94A813-5C9F-48BF-9D1B-0A0DBB4FBF2B} = {4C937E3C-6D08-453B-A2EF-5A9D53FE319C}
		{3213D4E2-56C1-4CA5-86AA-F7CE0C45A4B0} = {324AAFA4-E29E-40A5-A563-21EDDF6A0D5B}
		{BF472324-28C4-40F1-9064-A985D2451315} = {324AAFA4-E29E-40A5-A563-21EDDF6A0D5B}
		{1072AABE-1B64-475D-8732-E1B3CA2F3DFD} = {324AAFA4-E29E-40A5-A563-21EDDF6A0D5B}
		{CE550D0B-4693-4FA3-BCFB-358E930373DC} = {324AAFA4-E29E-40A5-A563-21EDDF6A0D5B}
		{5BBFCA96-D268-4E65-AE2E-F89F41B072B6} = {324AAFA4-E29E-40A5-A563-21EDDF6A0D5B}
		{96ED09B2-E424-4A65-9B8C-E6FBB785519E} = {324AAFA4-E29E-40A5-A563-21EDDF6A0D5B}
		{091C20DA-DF9D-47E5-AB43-2DC7FB3C10F6} = {324AAFA4-E29E-40A5-A563-21EDDF6A0D5B}
		{9F74D737-DDA2-4F45-B5AA-09829ACF023F} = {324AAFA4-E29E-40A5-A563-21EDDF6A0D5B}
		{D59F3783-1D05-462D-9E68-1691C229824F} = {324AAFA4-E29E-40A5-A563-21EDDF6A0D5B}
		{5023DAA3-C4BD-456B-BB4C-B3E9649ED948} = {324AAFA4-E29E-40A5-A563-21EDDF6A0D5B}
		{5DD96ACB-FE4E-46C3-87F0-C2FF31AA392C} = {324AAFA4-E29E-40A5-A563-21EDDF6A0D5B}
		{FCD4C18B-FC56-4808-B687-0FC786614A0D} = {324AAFA4-E29E-40A5-A563-21EDDF6A0D5B}
		{219FB89B-FF53-4CFA-9C20-A22727A68054} = {324AAFA4-E29E-40A5-A563-21EDDF6A0D5B}
		{ACBA1A61-A215-4FB0-8842-434414586E50} = {F4D92EFF-46E2-4590-8A7A-B0EF5B9B305B}
		{78E20110-0CB7-4982-9DC1-348C3A082891} = {AC5252B0-7EF4-4B4E-BC25-6437E21AF316}
		{DCD266BC-49C2-4BF5-B7D1-BBC625C678B3} = {AC5252B0-7EF4-4B4E-BC25-6437E21AF316}
		{8A61D7D1-18D4-4675-81D7-667ED2FB9036} = {AC5252B0-7EF4-4B4E-BC25-6437E21AF316}
		{7772AA1B-4CD7-46BB-9742-651D1D232785} = {AC5252B0-7EF4-4B4E-BC25-6437E21AF316}
		{BADD1723-6EAD-4C1F-8D3E-64F90B5362FC} = {AC5252B0-7EF4-4B4E-BC25-6437E21AF316}
		{3A3052FC-03D1-4DD0-A427-2872E3037AB1} = {AC5252B0-7EF4-4B4E-BC25-6437E21AF316}
		{A20EF9FF-18F9-4383-91DD-EABBE3FAD25C} = {AC5252B0-7EF4-4B4E-BC25-6437E21AF316}
		{0BAB934D-1F60-449F-BA58-D54DBB88917E} = {AC5252B0-7EF4-4B4E-BC25-6437E21AF316}
		{7B6CC6A0-D18A-420E-9BA6-426790C7EC0B} = {AC5252B0-7EF4-4B4E-BC25-6437E21AF316}
		{BF634490-02CD-4C9F-A20C-6742058C98FE} = {AC5252B0-7EF4-4B4E-BC25-6437E21AF316}
		{E261F688-B4CA-4A34-8E8B-C93D0873E117} = {AC5252B0-7EF4-4B4E-BC25-6437E21AF316}
		{344F5D9D-EAEA-41D0-8A4D-DE3BD93BEC48} = {AC5252B0-7EF4-4B4E-BC25-6437E21AF316}
		{C120E3DD-BD87-4483-9882-2955BE6C953C} = {AC5252B0-7EF4-4B4E-BC25-6437E21AF316}
		{5CAFF18F-47E1-460A-B48D-344E3A439667} = {AC5252B0-7EF4-4B4E-BC25-6437E21AF316}
		{62C7ECEE-497A-44CA-B453-928704C61385} = {AC5252B0-7EF4-4B4E-BC25-6437E21AF316}
		{98CFCD3B-7FDE-4723-B0F7-0CC30A452C7C} = {AC5252B0-7EF4-4B4E-BC25-6437E21AF316}
		{1B1B1E2E-E361-4C14-990C-CCDDC4D65FE9} = {AC5252B0-7EF4-4B4E-BC25-6437E21AF316}
		{5E06253C-3E55-4218-9F7C-DEA067A8670B} = {AC5252B0-7EF4-4B4E-BC25-6437E21AF316}
		{E658D036-1C15-4108-94A5-E6F43E9B4AD1} = {AC5252B0-7EF4-4B4E-BC25-6437E21AF316}
		{B85A1C53-70D1-4C2F-A4E2-485A91362147} = {AC5252B0-7EF4-4B4E-BC25-6437E21AF316}
		{6231590E-8135-497F-B340-D5261D27E123} = {7B0543ED-4B0A-4808-96A6-9133FD810A9A}
		{A4A2F853-7E67-4233-B80C-FA31592BDB1F} = {7B0543ED-4B0A-4808-96A6-9133FD810A9A}
		{9F6FC537-24AF-48F9-B859-5F4FC4CDFAF7} = {7B0543ED-4B0A-4808-96A6-9133FD810A9A}
		{A29C133B-58E3-4D2E-92FF-5D656CB45B7A} = {7B0543ED-4B0A-4808-96A6-9133FD810A9A}
		{DC09F9EC-80BB-44DC-97B0-364D69EC8491} = {7B0543ED-4B0A-4808-96A6-9133FD810A9A}
		{62C791F6-D489-4FD9-81CD-6A4039292659} = {7B0543ED-4B0A-4808-96A6-9133FD810A9A}
		{51284B22-BA40-4CDA-AE7A-E9DDFC3E71CB} = {7B0543ED-4B0A-4808-96A6-9133FD810A9A}
		{A7F8FFB8-862B-4D75-B78E-D343D7E18FCC} = {7B0543ED-4B0A-4808-96A6-9133FD810A9A}
		{D410B5F1-8016-4D94-BDB5-D99556085A5B} = {7B0543ED-4B0A-4808-96A6-9133FD810A9A}
		{282606BF-2557-4BA9-AC3C-1A9E3CAE8399} = {7B0543ED-4B0A-4808-96A6-9133FD810A9A}
		{96B13A09-2FF6-4A86-9646-FB623B4387E8} = {76835468-F61A-4A3F-81B6-B4913AE49934}
		{CE34070E-E8CA-48CD-8003-BFFF23EC60D7} = {5CFF5269-3831-4ACD-AA6E-3B2C759399C0}
		{1F946CB8-A6E1-4079-81D0-557FD4D762C4} = {9F9F09B5-8A71-4893-B1AF-820A1F428559}
		{FFDE22D5-286A-41DF-9EAB-48A54FF98B6A} = {9F9F09B5-8A71-4893-B1AF-820A1F428559}
		{00D2798F-EE1A-42E8-84A1-6FCF90B9680B} = {9F9F09B5-8A71-4893-B1AF-820A1F428559}
		{86A3F220-210F-47BB-9D05-05FA03A019B1} = {9F9F09B5-8A71-4893-B1AF-820A1F428559}
		{FC93C021-90F2-47A4-849C-575C0BCF04BB} = {9F9F09B5-8A71-4893-B1AF-820A1F428559}
	EndGlobalSection
	GlobalSection(ExtensibilityGlobals) = postSolution
		SolutionGuid = {B7DDF654-35B5-4C1E-AF56-BD0A13287247}
	EndGlobalSection
EndGlobal
